// !$*UTF8*$!
{
	archiveVersion = 1;
	classes = {
	};
	objectVersion = 46;
	objects = {

/* Begin PBXBuildFile section */
		A08F68BC1635F83A00130C8C /* UIKit.framework in Frameworks */ = {isa = PBXBuildFile; fileRef = A08F68BB1635F83A00130C8C /* UIKit.framework */; };
		A08F68BE1635F83A00130C8C /* Foundation.framework in Frameworks */ = {isa = PBXBuildFile; fileRef = A08F68BD1635F83A00130C8C /* Foundation.framework */; };
		A08F68C01635F83A00130C8C /* CoreGraphics.framework in Frameworks */ = {isa = PBXBuildFile; fileRef = A08F68BF1635F83A00130C8C /* CoreGraphics.framework */; };
		A08F68C61635F83B00130C8C /* InfoPlist.strings in Resources */ = {isa = PBXBuildFile; fileRef = A08F68C41635F83B00130C8C /* InfoPlist.strings */; };
		A08F68C81635F83B00130C8C /* main.m in Sources */ = {isa = PBXBuildFile; fileRef = A08F68C71635F83B00130C8C /* main.m */; };
		A08F68CC1635F83B00130C8C /* AppDelegate.m in Sources */ = {isa = PBXBuildFile; fileRef = A08F68CB1635F83B00130C8C /* AppDelegate.m */; };
		A08F68CE1635F83B00130C8C /* Default.png in Resources */ = {isa = PBXBuildFile; fileRef = A08F68CD1635F83B00130C8C /* Default.png */; };
		A08F68D01635F83B00130C8C /* Default@2x.png in Resources */ = {isa = PBXBuildFile; fileRef = A08F68CF1635F83B00130C8C /* Default@2x.png */; };
		A08F68D21635F83B00130C8C /* Default-568h@2x.png in Resources */ = {isa = PBXBuildFile; fileRef = A08F68D11635F83B00130C8C /* Default-568h@2x.png */; };
		A08F68D51635F83B00130C8C /* ViewController.m in Sources */ = {isa = PBXBuildFile; fileRef = A08F68D41635F83B00130C8C /* ViewController.m */; };
		A08F68D81635F83B00130C8C /* ViewController_iPhone.xib in Resources */ = {isa = PBXBuildFile; fileRef = A08F68D61635F83B00130C8C /* ViewController_iPhone.xib */; };
		A08F68DB1635F83B00130C8C /* ViewController_iPad.xib in Resources */ = {isa = PBXBuildFile; fileRef = A08F68D91635F83B00130C8C /* ViewController_iPad.xib */; };
		A08F69031635F8D800130C8C /* LAScrollField.m in Sources */ = {isa = PBXBuildFile; fileRef = A08F68E91635F8D800130C8C /* LAScrollField.m */; };
		A08F69041635F8D800130C8C /* LATextAppearance.m in Sources */ = {isa = PBXBuildFile; fileRef = A08F68EC1635F8D800130C8C /* LATextAppearance.m */; };
		A08F69051635F8D800130C8C /* LATextContentView.m in Sources */ = {isa = PBXBuildFile; fileRef = A08F68EF1635F8D800130C8C /* LATextContentView.m */; };
		A08F69061635F8D800130C8C /* LATextField.m in Sources */ = {isa = PBXBuildFile; fileRef = A08F68F21635F8D800130C8C /* LATextField.m */; };
		A08F69071635F8D800130C8C /* LATextField+UITextInput.m in Sources */ = {isa = PBXBuildFile; fileRef = A08F68F41635F8D800130C8C /* LATextField+UITextInput.m */; };
		A08F69081635F8D800130C8C /* LATextInteractionAssistant.m in Sources */ = {isa = PBXBuildFile; fileRef = A08F68F81635F8D800130C8C /* LATextInteractionAssistant.m */; };
		A08F69091635F8D800130C8C /* LATextSelectionView.m in Sources */ = {isa = PBXBuildFile; fileRef = A08F68FC1635F8D800130C8C /* LATextSelectionView.m */; };
		A08F690A1635F8D800130C8C /* LATokenField.m in Sources */ = {isa = PBXBuildFile; fileRef = A08F68FF1635F8D800130C8C /* LATokenField.m */; };
		A08F690B1635F8D800130C8C /* LATokenFieldCell.m in Sources */ = {isa = PBXBuildFile; fileRef = A08F69011635F8D800130C8C /* LATokenFieldCell.m */; };
		A08F690E1635F9BD00130C8C /* UIColorTokenFieldCell.m in Sources */ = {isa = PBXBuildFile; fileRef = A08F690D1635F9BD00130C8C /* UIColorTokenFieldCell.m */; };
		A08F69101635FCF700130C8C /* CoreText.framework in Frameworks */ = {isa = PBXBuildFile; fileRef = A08F690F1635FCF700130C8C /* CoreText.framework */; };
/* End PBXBuildFile section */

/* Begin PBXFileReference section */
		A08F68B71635F83A00130C8C /* Colors.app */ = {isa = PBXFileReference; explicitFileType = wrapper.application; includeInIndex = 0; path = Colors.app; sourceTree = BUILT_PRODUCTS_DIR; };
		A08F68BB1635F83A00130C8C /* UIKit.framework */ = {isa = PBXFileReference; lastKnownFileType = wrapper.framework; name = UIKit.framework; path = System/Library/Frameworks/UIKit.framework; sourceTree = SDKROOT; };
		A08F68BD1635F83A00130C8C /* Foundation.framework */ = {isa = PBXFileReference; lastKnownFileType = wrapper.framework; name = Foundation.framework; path = System/Library/Frameworks/Foundation.framework; sourceTree = SDKROOT; };
		A08F68BF1635F83A00130C8C /* CoreGraphics.framework */ = {isa = PBXFileReference; lastKnownFileType = wrapper.framework; name = CoreGraphics.framework; path = System/Library/Frameworks/CoreGraphics.framework; sourceTree = SDKROOT; };
		A08F68C31635F83A00130C8C /* Colors-Info.plist */ = {isa = PBXFileReference; lastKnownFileType = text.plist.xml; path = "Colors-Info.plist"; sourceTree = "<group>"; };
		A08F68C51635F83B00130C8C /* en */ = {isa = PBXFileReference; lastKnownFileType = text.plist.strings; name = en; path = en.lproj/InfoPlist.strings; sourceTree = "<group>"; };
		A08F68C71635F83B00130C8C /* main.m */ = {isa = PBXFileReference; lastKnownFileType = sourcecode.c.objc; path = main.m; sourceTree = "<group>"; };
		A08F68C91635F83B00130C8C /* Colors-Prefix.pch */ = {isa = PBXFileReference; lastKnownFileType = sourcecode.c.h; path = "Colors-Prefix.pch"; sourceTree = "<group>"; };
		A08F68CA1635F83B00130C8C /* AppDelegate.h */ = {isa = PBXFileReference; lastKnownFileType = sourcecode.c.h; path = AppDelegate.h; sourceTree = "<group>"; };
		A08F68CB1635F83B00130C8C /* AppDelegate.m */ = {isa = PBXFileReference; lastKnownFileType = sourcecode.c.objc; path = AppDelegate.m; sourceTree = "<group>"; };
		A08F68CD1635F83B00130C8C /* Default.png */ = {isa = PBXFileReference; lastKnownFileType = image.png; path = Default.png; sourceTree = "<group>"; };
		A08F68CF1635F83B00130C8C /* Default@2x.png */ = {isa = PBXFileReference; lastKnownFileType = image.png; path = "Default@2x.png"; sourceTree = "<group>"; };
		A08F68D11635F83B00130C8C /* Default-568h@2x.png */ = {isa = PBXFileReference; lastKnownFileType = image.png; path = "Default-568h@2x.png"; sourceTree = "<group>"; };
		A08F68D31635F83B00130C8C /* ViewController.h */ = {isa = PBXFileReference; lastKnownFileType = sourcecode.c.h; path = ViewController.h; sourceTree = "<group>"; };
		A08F68D41635F83B00130C8C /* ViewController.m */ = {isa = PBXFileReference; lastKnownFileType = sourcecode.c.objc; path = ViewController.m; sourceTree = "<group>"; };
		A08F68D71635F83B00130C8C /* en */ = {isa = PBXFileReference; lastKnownFileType = file.xib; name = en; path = en.lproj/ViewController_iPhone.xib; sourceTree = "<group>"; };
		A08F68DA1635F83B00130C8C /* en */ = {isa = PBXFileReference; lastKnownFileType = file.xib; name = en; path = en.lproj/ViewController_iPad.xib; sourceTree = "<group>"; };
		A08F68E71635F8D800130C8C /* LAScrollField_Internal.h */ = {isa = PBXFileReference; fileEncoding = 4; lastKnownFileType = sourcecode.c.h; name = LAScrollField_Internal.h; path = ../../../Classes/LAScrollField_Internal.h; sourceTree = "<group>"; };
		A08F68E81635F8D800130C8C /* LAScrollField.h */ = {isa = PBXFileReference; fileEncoding = 4; lastKnownFileType = sourcecode.c.h; name = LAScrollField.h; path = ../../../Classes/LAScrollField.h; sourceTree = "<group>"; };
		A08F68E91635F8D800130C8C /* LAScrollField.m */ = {isa = PBXFileReference; fileEncoding = 4; lastKnownFileType = sourcecode.c.objc; name = LAScrollField.m; path = ../../../Classes/LAScrollField.m; sourceTree = "<group>"; };
		A08F68EA1635F8D800130C8C /* LAScrollFieldDelegate.h */ = {isa = PBXFileReference; fileEncoding = 4; lastKnownFileType = sourcecode.c.h; name = LAScrollFieldDelegate.h; path = ../../../Classes/LAScrollFieldDelegate.h; sourceTree = "<group>"; };
		A08F68EB1635F8D800130C8C /* LATextAppearance.h */ = {isa = PBXFileReference; fileEncoding = 4; lastKnownFileType = sourcecode.c.h; name = LATextAppearance.h; path = ../../../Classes/LATextAppearance.h; sourceTree = "<group>"; };
		A08F68EC1635F8D800130C8C /* LATextAppearance.m */ = {isa = PBXFileReference; fileEncoding = 4; lastKnownFileType = sourcecode.c.objc; name = LATextAppearance.m; path = ../../../Classes/LATextAppearance.m; sourceTree = "<group>"; };
		A08F68ED1635F8D800130C8C /* LATextContentView_Internal.h */ = {isa = PBXFileReference; fileEncoding = 4; lastKnownFileType = sourcecode.c.h; name = LATextContentView_Internal.h; path = ../../../Classes/LATextContentView_Internal.h; sourceTree = "<group>"; };
		A08F68EE1635F8D800130C8C /* LATextContentView.h */ = {isa = PBXFileReference; fileEncoding = 4; lastKnownFileType = sourcecode.c.h; name = LATextContentView.h; path = ../../../Classes/LATextContentView.h; sourceTree = "<group>"; };
		A08F68EF1635F8D800130C8C /* LATextContentView.m */ = {isa = PBXFileReference; fileEncoding = 4; lastKnownFileType = sourcecode.c.objc; name = LATextContentView.m; path = ../../../Classes/LATextContentView.m; sourceTree = "<group>"; };
		A08F68F01635F8D800130C8C /* LATextField_Internal.h */ = {isa = PBXFileReference; fileEncoding = 4; lastKnownFileType = sourcecode.c.h; name = LATextField_Internal.h; path = ../../../Classes/LATextField_Internal.h; sourceTree = "<group>"; };
		A08F68F11635F8D800130C8C /* LATextField.h */ = {isa = PBXFileReference; fileEncoding = 4; lastKnownFileType = sourcecode.c.h; name = LATextField.h; path = ../../../Classes/LATextField.h; sourceTree = "<group>"; };
		A08F68F21635F8D800130C8C /* LATextField.m */ = {isa = PBXFileReference; fileEncoding = 4; lastKnownFileType = sourcecode.c.objc; name = LATextField.m; path = ../../../Classes/LATextField.m; sourceTree = "<group>"; };
		A08F68F31635F8D800130C8C /* LATextField+UITextInput.h */ = {isa = PBXFileReference; fileEncoding = 4; lastKnownFileType = sourcecode.c.h; name = "LATextField+UITextInput.h"; path = "../../../Classes/LATextField+UITextInput.h"; sourceTree = "<group>"; };
		A08F68F41635F8D800130C8C /* LATextField+UITextInput.m */ = {isa = PBXFileReference; fileEncoding = 4; lastKnownFileType = sourcecode.c.objc; name = "LATextField+UITextInput.m"; path = "../../../Classes/LATextField+UITextInput.m"; sourceTree = "<group>"; };
		A08F68F51635F8D800130C8C /* LATextFieldDelegate.h */ = {isa = PBXFileReference; fileEncoding = 4; lastKnownFileType = sourcecode.c.h; name = LATextFieldDelegate.h; path = ../../../Classes/LATextFieldDelegate.h; sourceTree = "<group>"; };
		A08F68F61635F8D800130C8C /* LATextInteractionAssistant_Internal.h */ = {isa = PBXFileReference; fileEncoding = 4; lastKnownFileType = sourcecode.c.h; name = LATextInteractionAssistant_Internal.h; path = ../../../Classes/LATextInteractionAssistant_Internal.h; sourceTree = "<group>"; };
		A08F68F71635F8D800130C8C /* LATextInteractionAssistant.h */ = {isa = PBXFileReference; fileEncoding = 4; lastKnownFileType = sourcecode.c.h; name = LATextInteractionAssistant.h; path = ../../../Classes/LATextInteractionAssistant.h; sourceTree = "<group>"; };
		A08F68F81635F8D800130C8C /* LATextInteractionAssistant.m */ = {isa = PBXFileReference; fileEncoding = 4; lastKnownFileType = sourcecode.c.objc; name = LATextInteractionAssistant.m; path = ../../../Classes/LATextInteractionAssistant.m; sourceTree = "<group>"; };
		A08F68F91635F8D800130C8C /* LATextSelecting.h */ = {isa = PBXFileReference; fileEncoding = 4; lastKnownFileType = sourcecode.c.h; name = LATextSelecting.h; path = ../../../Classes/LATextSelecting.h; sourceTree = "<group>"; };
		A08F68FA1635F8D800130C8C /* LATextSelectionView_Internal.h */ = {isa = PBXFileReference; fileEncoding = 4; lastKnownFileType = sourcecode.c.h; name = LATextSelectionView_Internal.h; path = ../../../Classes/LATextSelectionView_Internal.h; sourceTree = "<group>"; };
		A08F68FB1635F8D800130C8C /* LATextSelectionView.h */ = {isa = PBXFileReference; fileEncoding = 4; lastKnownFileType = sourcecode.c.h; name = LATextSelectionView.h; path = ../../../Classes/LATextSelectionView.h; sourceTree = "<group>"; };
		A08F68FC1635F8D800130C8C /* LATextSelectionView.m */ = {isa = PBXFileReference; fileEncoding = 4; lastKnownFileType = sourcecode.c.objc; name = LATextSelectionView.m; path = ../../../Classes/LATextSelectionView.m; sourceTree = "<group>"; };
		A08F68FD1635F8D800130C8C /* LATokenField_Internal.h */ = {isa = PBXFileReference; fileEncoding = 4; lastKnownFileType = sourcecode.c.h; name = LATokenField_Internal.h; path = ../../../Classes/LATokenField_Internal.h; sourceTree = "<group>"; };
		A08F68FE1635F8D800130C8C /* LATokenField.h */ = {isa = PBXFileReference; fileEncoding = 4; lastKnownFileType = sourcecode.c.h; name = LATokenField.h; path = ../../../Classes/LATokenField.h; sourceTree = "<group>"; };
		A08F68FF1635F8D800130C8C /* LATokenField.m */ = {isa = PBXFileReference; fileEncoding = 4; lastKnownFileType = sourcecode.c.objc; name = LATokenField.m; path = ../../../Classes/LATokenField.m; sourceTree = "<group>"; };
		A08F69001635F8D800130C8C /* LATokenFieldCell.h */ = {isa = PBXFileReference; fileEncoding = 4; lastKnownFileType = sourcecode.c.h; name = LATokenFieldCell.h; path = ../../../Classes/LATokenFieldCell.h; sourceTree = "<group>"; };
		A08F69011635F8D800130C8C /* LATokenFieldCell.m */ = {isa = PBXFileReference; fileEncoding = 4; lastKnownFileType = sourcecode.c.objc; name = LATokenFieldCell.m; path = ../../../Classes/LATokenFieldCell.m; sourceTree = "<group>"; };
		A08F69021635F8D800130C8C /* LATokenFieldDelegate.h */ = {isa = PBXFileReference; fileEncoding = 4; lastKnownFileType = sourcecode.c.h; name = LATokenFieldDelegate.h; path = ../../../Classes/LATokenFieldDelegate.h; sourceTree = "<group>"; };
		A08F690C1635F9BD00130C8C /* UIColorTokenFieldCell.h */ = {isa = PBXFileReference; fileEncoding = 4; lastKnownFileType = sourcecode.c.h; path = UIColorTokenFieldCell.h; sourceTree = "<group>"; };
		A08F690D1635F9BD00130C8C /* UIColorTokenFieldCell.m */ = {isa = PBXFileReference; fileEncoding = 4; lastKnownFileType = sourcecode.c.objc; path = UIColorTokenFieldCell.m; sourceTree = "<group>"; };
		A08F690F1635FCF700130C8C /* CoreText.framework */ = {isa = PBXFileReference; lastKnownFileType = wrapper.framework; name = CoreText.framework; path = System/Library/Frameworks/CoreText.framework; sourceTree = SDKROOT; };
/* End PBXFileReference section */

/* Begin PBXFrameworksBuildPhase section */
		A08F68B41635F83A00130C8C /* Frameworks */ = {
			isa = PBXFrameworksBuildPhase;
			buildActionMask = 2147483647;
			files = (
				A08F69101635FCF700130C8C /* CoreText.framework in Frameworks */,
				A08F68BC1635F83A00130C8C /* UIKit.framework in Frameworks */,
				A08F68BE1635F83A00130C8C /* Foundation.framework in Frameworks */,
				A08F68C01635F83A00130C8C /* CoreGraphics.framework in Frameworks */,
			);
			runOnlyForDeploymentPostprocessing = 0;
		};
/* End PBXFrameworksBuildPhase section */

/* Begin PBXGroup section */
		A08F68AC1635F83A00130C8C = {
			isa = PBXGroup;
			children = (
				A08F68C11635F83A00130C8C /* Colors */,
				A08F68E51635F8BF00130C8C /* FieldKit */,
				A08F68BA1635F83A00130C8C /* Frameworks */,
				A08F68B81635F83A00130C8C /* Products */,
			);
			sourceTree = "<group>";
		};
		A08F68B81635F83A00130C8C /* Products */ = {
			isa = PBXGroup;
			children = (
				A08F68B71635F83A00130C8C /* Colors.app */,
			);
			name = Products;
			sourceTree = "<group>";
		};
		A08F68BA1635F83A00130C8C /* Frameworks */ = {
			isa = PBXGroup;
			children = (
				A08F690F1635FCF700130C8C /* CoreText.framework */,
				A08F68BB1635F83A00130C8C /* UIKit.framework */,
				A08F68BD1635F83A00130C8C /* Foundation.framework */,
				A08F68BF1635F83A00130C8C /* CoreGraphics.framework */,
			);
			name = Frameworks;
			sourceTree = "<group>";
		};
		A08F68C11635F83A00130C8C /* Colors */ = {
			isa = PBXGroup;
			children = (
				A08F68CA1635F83B00130C8C /* AppDelegate.h */,
				A08F68CB1635F83B00130C8C /* AppDelegate.m */,
				A08F68D31635F83B00130C8C /* ViewController.h */,
				A08F68D41635F83B00130C8C /* ViewController.m */,
				A08F690C1635F9BD00130C8C /* UIColorTokenFieldCell.h */,
				A08F690D1635F9BD00130C8C /* UIColorTokenFieldCell.m */,
				A08F68D61635F83B00130C8C /* ViewController_iPhone.xib */,
				A08F68D91635F83B00130C8C /* ViewController_iPad.xib */,
				A08F68C21635F83A00130C8C /* Supporting Files */,
			);
			path = Colors;
			sourceTree = "<group>";
		};
		A08F68C21635F83A00130C8C /* Supporting Files */ = {
			isa = PBXGroup;
			children = (
				A08F68C31635F83A00130C8C /* Colors-Info.plist */,
				A08F68C41635F83B00130C8C /* InfoPlist.strings */,
				A08F68C71635F83B00130C8C /* main.m */,
				A08F68C91635F83B00130C8C /* Colors-Prefix.pch */,
				A08F68CD1635F83B00130C8C /* Default.png */,
				A08F68CF1635F83B00130C8C /* Default@2x.png */,
				A08F68D11635F83B00130C8C /* Default-568h@2x.png */,
			);
			name = "Supporting Files";
			sourceTree = "<group>";
		};
		A08F68E51635F8BF00130C8C /* FieldKit */ = {
			isa = PBXGroup;
			children = (
				A08F68E71635F8D800130C8C /* LAScrollField_Internal.h */,
				A08F68E81635F8D800130C8C /* LAScrollField.h */,
				A08F68E91635F8D800130C8C /* LAScrollField.m */,
				A08F68EA1635F8D800130C8C /* LAScrollFieldDelegate.h */,
				A08F68EB1635F8D800130C8C /* LATextAppearance.h */,
				A08F68EC1635F8D800130C8C /* LATextAppearance.m */,
				A08F68ED1635F8D800130C8C /* LATextContentView_Internal.h */,
				A08F68EE1635F8D800130C8C /* LATextContentView.h */,
				A08F68EF1635F8D800130C8C /* LATextContentView.m */,
				A08F68F01635F8D800130C8C /* LATextField_Internal.h */,
				A08F68F11635F8D800130C8C /* LATextField.h */,
				A08F68F21635F8D800130C8C /* LATextField.m */,
				A08F68F31635F8D800130C8C /* LATextField+UITextInput.h */,
				A08F68F41635F8D800130C8C /* LATextField+UITextInput.m */,
				A08F68F51635F8D800130C8C /* LATextFieldDelegate.h */,
				A08F68F61635F8D800130C8C /* LATextInteractionAssistant_Internal.h */,
				A08F68F71635F8D800130C8C /* LATextInteractionAssistant.h */,
				A08F68F81635F8D800130C8C /* LATextInteractionAssistant.m */,
				A08F68F91635F8D800130C8C /* LATextSelecting.h */,
				A08F68FA1635F8D800130C8C /* LATextSelectionView_Internal.h */,
				A08F68FB1635F8D800130C8C /* LATextSelectionView.h */,
				A08F68FC1635F8D800130C8C /* LATextSelectionView.m */,
				A08F68FD1635F8D800130C8C /* LATokenField_Internal.h */,
				A08F68FE1635F8D800130C8C /* LATokenField.h */,
				A08F68FF1635F8D800130C8C /* LATokenField.m */,
				A08F69001635F8D800130C8C /* LATokenFieldCell.h */,
				A08F69011635F8D800130C8C /* LATokenFieldCell.m */,
				A08F69021635F8D800130C8C /* LATokenFieldDelegate.h */,
			);
			name = FieldKit;
			path = Colors;
			sourceTree = "<group>";
		};
/* End PBXGroup section */

/* Begin PBXNativeTarget section */
		A08F68B61635F83A00130C8C /* Colors */ = {
			isa = PBXNativeTarget;
			buildConfigurationList = A08F68DE1635F83B00130C8C /* Build configuration list for PBXNativeTarget "Colors" */;
			buildPhases = (
				A08F68B31635F83A00130C8C /* Sources */,
				A08F68B41635F83A00130C8C /* Frameworks */,
				A08F68B51635F83A00130C8C /* Resources */,
			);
			buildRules = (
			);
			dependencies = (
			);
			name = Colors;
			productName = Colors;
			productReference = A08F68B71635F83A00130C8C /* Colors.app */;
			productType = "com.apple.product-type.application";
		};
/* End PBXNativeTarget section */

/* Begin PBXProject section */
		A08F68AE1635F83A00130C8C /* Project object */ = {
			isa = PBXProject;
			attributes = {
				LastUpgradeCheck = 0450;
				ORGANIZATIONNAME = "luis laugga";
			};
			buildConfigurationList = A08F68B11635F83A00130C8C /* Build configuration list for PBXProject "Colors" */;
			compatibilityVersion = "Xcode 3.2";
			developmentRegion = English;
			hasScannedForEncodings = 0;
			knownRegions = (
				en,
			);
			mainGroup = A08F68AC1635F83A00130C8C;
			productRefGroup = A08F68B81635F83A00130C8C /* Products */;
			projectDirPath = "";
			projectRoot = "";
			targets = (
				A08F68B61635F83A00130C8C /* Colors */,
			);
		};
/* End PBXProject section */

/* Begin PBXResourcesBuildPhase section */
		A08F68B51635F83A00130C8C /* Resources */ = {
			isa = PBXResourcesBuildPhase;
			buildActionMask = 2147483647;
			files = (
				A08F68C61635F83B00130C8C /* InfoPlist.strings in Resources */,
				A08F68CE1635F83B00130C8C /* Default.png in Resources */,
				A08F68D01635F83B00130C8C /* Default@2x.png in Resources */,
				A08F68D21635F83B00130C8C /* Default-568h@2x.png in Resources */,
				A08F68D81635F83B00130C8C /* ViewController_iPhone.xib in Resources */,
				A08F68DB1635F83B00130C8C /* ViewController_iPad.xib in Resources */,
			);
			runOnlyForDeploymentPostprocessing = 0;
		};
/* End PBXResourcesBuildPhase section */

/* Begin PBXSourcesBuildPhase section */
		A08F68B31635F83A00130C8C /* Sources */ = {
			isa = PBXSourcesBuildPhase;
			buildActionMask = 2147483647;
			files = (
				A08F68C81635F83B00130C8C /* main.m in Sources */,
				A08F68CC1635F83B00130C8C /* AppDelegate.m in Sources */,
				A08F68D51635F83B00130C8C /* ViewController.m in Sources */,
				A08F69031635F8D800130C8C /* LAScrollField.m in Sources */,
				A08F69041635F8D800130C8C /* LATextAppearance.m in Sources */,
				A08F69051635F8D800130C8C /* LATextContentView.m in Sources */,
				A08F69061635F8D800130C8C /* LATextField.m in Sources */,
				A08F69071635F8D800130C8C /* LATextField+UITextInput.m in Sources */,
				A08F69081635F8D800130C8C /* LATextInteractionAssistant.m in Sources */,
				A08F69091635F8D800130C8C /* LATextSelectionView.m in Sources */,
				A08F690A1635F8D800130C8C /* LATokenField.m in Sources */,
				A08F690B1635F8D800130C8C /* LATokenFieldCell.m in Sources */,
				A08F690E1635F9BD00130C8C /* UIColorTokenFieldCell.m in Sources */,
			);
			runOnlyForDeploymentPostprocessing = 0;
		};
/* End PBXSourcesBuildPhase section */

/* Begin PBXVariantGroup section */
		A08F68C41635F83B00130C8C /* InfoPlist.strings */ = {
			isa = PBXVariantGroup;
			children = (
				A08F68C51635F83B00130C8C /* en */,
			);
			name = InfoPlist.strings;
			sourceTree = "<group>";
		};
		A08F68D61635F83B00130C8C /* ViewController_iPhone.xib */ = {
			isa = PBXVariantGroup;
			children = (
				A08F68D71635F83B00130C8C /* en */,
			);
			name = ViewController_iPhone.xib;
			sourceTree = "<group>";
		};
		A08F68D91635F83B00130C8C /* ViewController_iPad.xib */ = {
			isa = PBXVariantGroup;
			children = (
				A08F68DA1635F83B00130C8C /* en */,
			);
			name = ViewController_iPad.xib;
			sourceTree = "<group>";
		};
/* End PBXVariantGroup section */

/* Begin XCBuildConfiguration section */
		A08F68DC1635F83B00130C8C /* Debug */ = {
			isa = XCBuildConfiguration;
			buildSettings = {
				ALWAYS_SEARCH_USER_PATHS = NO;
				CLANG_CXX_LANGUAGE_STANDARD = "gnu++0x";
				CLANG_CXX_LIBRARY = "libc++";
				CLANG_WARN_EMPTY_BODY = YES;
				CLANG_WARN__DUPLICATE_METHOD_MATCH = YES;
				"CODE_SIGN_IDENTITY[sdk=iphoneos*]" = "iPhone Developer";
				COPY_PHASE_STRIP = NO;
				GCC_C_LANGUAGE_STANDARD = gnu99;
				GCC_DYNAMIC_NO_PIC = NO;
				GCC_OPTIMIZATION_LEVEL = 0;
				GCC_PREPROCESSOR_DEFINITIONS = (
					"DEBUG=1",
					"$(inherited)",
				);
				GCC_SYMBOLS_PRIVATE_EXTERN = NO;
				GCC_WARN_ABOUT_RETURN_TYPE = YES;
				GCC_WARN_UNINITIALIZED_AUTOS = YES;
				GCC_WARN_UNUSED_VARIABLE = YES;
				IPHONEOS_DEPLOYMENT_TARGET = 6.0;
				ONLY_ACTIVE_ARCH = YES;
				SDKROOT = iphoneos;
				TARGETED_DEVICE_FAMILY = "1,2";
			};
			name = Debug;
		};
		A08F68DD1635F83B00130C8C /* Release */ = {
			isa = XCBuildConfiguration;
			buildSettings = {
				ALWAYS_SEARCH_USER_PATHS = NO;
				CLANG_CXX_LANGUAGE_STANDARD = "gnu++0x";
				CLANG_CXX_LIBRARY = "libc++";
				CLANG_WARN_EMPTY_BODY = YES;
				CLANG_WARN__DUPLICATE_METHOD_MATCH = YES;
				"CODE_SIGN_IDENTITY[sdk=iphoneos*]" = "iPhone Developer";
				COPY_PHASE_STRIP = YES;
				GCC_C_LANGUAGE_STANDARD = gnu99;
				GCC_WARN_ABOUT_RETURN_TYPE = YES;
				GCC_WARN_UNINITIALIZED_AUTOS = YES;
				GCC_WARN_UNUSED_VARIABLE = YES;
				IPHONEOS_DEPLOYMENT_TARGET = 6.0;
				OTHER_CFLAGS = "-DNS_BLOCK_ASSERTIONS=1";
				SDKROOT = iphoneos;
				TARGETED_DEVICE_FAMILY = "1,2";
				VALIDATE_PRODUCT = YES;
			};
			name = Release;
		};
		A08F68DF1635F83B00130C8C /* Debug */ = {
			isa = XCBuildConfiguration;
			buildSettings = {
				GCC_PRECOMPILE_PREFIX_HEADER = YES;
				GCC_PREFIX_HEADER = "Colors/Colors-Prefix.pch";
				INFOPLIST_FILE = "Colors/Colors-Info.plist";
				PRODUCT_NAME = "$(TARGET_NAME)";
				WRAPPER_EXTENSION = app;
			};
			name = Debug;
		};
		A08F68E01635F83B00130C8C /* Release */ = {
			isa = XCBuildConfiguration;
			buildSettings = {
				GCC_PRECOMPILE_PREFIX_HEADER = YES;
				GCC_PREFIX_HEADER = "Colors/Colors-Prefix.pch";
				INFOPLIST_FILE = "Colors/Colors-Info.plist";
				PRODUCT_NAME = "$(TARGET_NAME)";
				WRAPPER_EXTENSION = app;
			};
			name = Release;
		};
/* End XCBuildConfiguration section */

/* Begin XCConfigurationList section */
		A08F68B11635F83A00130C8C /* Build configuration list for PBXProject "Colors" */ = {
			isa = XCConfigurationList;
			buildConfigurations = (
				A08F68DC1635F83B00130C8C /* Debug */,
				A08F68DD1635F83B00130C8C /* Release */,
			);
			defaultConfigurationIsVisible = 0;
			defaultConfigurationName = Release;
		};
		A08F68DE1635F83B00130C8C /* Build configuration list for PBXNativeTarget "Colors" */ = {
			isa = XCConfigurationList;
			buildConfigurations = (
				A08F68DF1635F83B00130C8C /* Debug */,
				A08F68E01635F83B00130C8C /* Release */,
			);
			defaultConfigurationIsVisible = 0;
			defaultConfigurationName = Release;
		};
/* End XCConfigurationList section */
	};
	rootObject = A08F68AE1635F83A00130C8C /* Project object */;
}
