// !$*UTF8*$!
{
	archiveVersion = 1;
	classes = {
	};
	objectVersion = 46;
	objects = {

/* Begin PBXBuildFile section */
		A06ACB2A1608B2C300E20441 /* UIKit.framework in Frameworks */ = {isa = PBXBuildFile; fileRef = A06ACB291608B2C300E20441 /* UIKit.framework */; };
		A06ACB2C1608B2C300E20441 /* Foundation.framework in Frameworks */ = {isa = PBXBuildFile; fileRef = A06ACB2B1608B2C300E20441 /* Foundation.framework */; };
		A06ACB2E1608B2C300E20441 /* CoreGraphics.framework in Frameworks */ = {isa = PBXBuildFile; fileRef = A06ACB2D1608B2C300E20441 /* CoreGraphics.framework */; };
		A06ACB6B160A0FF300E20441 /* CoreText.framework in Frameworks */ = {isa = PBXBuildFile; fileRef = A06ACB6A160A0FF300E20441 /* CoreText.framework */; };
		A0F1A4FB16302EFC002E6BE5 /* AppDelegate.m in Sources */ = {isa = PBXBuildFile; fileRef = A0F1A4F816302EFC002E6BE5 /* AppDelegate.m */; };
		A0F1A4FC16302EFC002E6BE5 /* ViewController.m in Sources */ = {isa = PBXBuildFile; fileRef = A0F1A4FA16302EFC002E6BE5 /* ViewController.m */; };
		A0F1A4FF16302F12002E6BE5 /* main.m in Sources */ = {isa = PBXBuildFile; fileRef = A0F1A4FD16302F12002E6BE5 /* main.m */; };
		A0F1A50816302F3B002E6BE5 /* InfoPlist.strings in Resources */ = {isa = PBXBuildFile; fileRef = A0F1A50216302F3B002E6BE5 /* InfoPlist.strings */; };
		A0F1A50916302F3B002E6BE5 /* ViewController_iPad.xib in Resources */ = {isa = PBXBuildFile; fileRef = A0F1A50416302F3B002E6BE5 /* ViewController_iPad.xib */; };
		A0F1A50A16302F3B002E6BE5 /* ViewController_iPhone.xib in Resources */ = {isa = PBXBuildFile; fileRef = A0F1A50616302F3B002E6BE5 /* ViewController_iPhone.xib */; };
		A0F1A54F16302F95002E6BE5 /* LAScrollField.m in Sources */ = {isa = PBXBuildFile; fileRef = A0F1A53516302F95002E6BE5 /* LAScrollField.m */; };
		A0F1A55016302F95002E6BE5 /* LATextAppearance.m in Sources */ = {isa = PBXBuildFile; fileRef = A0F1A53816302F95002E6BE5 /* LATextAppearance.m */; };
		A0F1A55116302F95002E6BE5 /* LATextContentView.m in Sources */ = {isa = PBXBuildFile; fileRef = A0F1A53B16302F95002E6BE5 /* LATextContentView.m */; };
		A0F1A55216302F95002E6BE5 /* LATextField.m in Sources */ = {isa = PBXBuildFile; fileRef = A0F1A53E16302F95002E6BE5 /* LATextField.m */; };
		A0F1A55316302F95002E6BE5 /* LATextField+UITextInput.m in Sources */ = {isa = PBXBuildFile; fileRef = A0F1A54016302F95002E6BE5 /* LATextField+UITextInput.m */; };
		A0F1A55416302F95002E6BE5 /* LATextInteractionAssistant.m in Sources */ = {isa = PBXBuildFile; fileRef = A0F1A54416302F95002E6BE5 /* LATextInteractionAssistant.m */; };
		A0F1A55516302F95002E6BE5 /* LATextSelectionView.m in Sources */ = {isa = PBXBuildFile; fileRef = A0F1A54816302F95002E6BE5 /* LATextSelectionView.m */; };
		A0F1A55616302F95002E6BE5 /* LATokenField.m in Sources */ = {isa = PBXBuildFile; fileRef = A0F1A54B16302F95002E6BE5 /* LATokenField.m */; };
		A0F1A55716302F95002E6BE5 /* LATokenFieldCell.m in Sources */ = {isa = PBXBuildFile; fileRef = A0F1A54D16302F95002E6BE5 /* LATokenFieldCell.m */; };
		A0F1A5641630302D002E6BE5 /* FieldKit.bundle in Resources */ = {isa = PBXBuildFile; fileRef = A0F1A5631630302D002E6BE5 /* FieldKit.bundle */; };
/* End PBXBuildFile section */

/* Begin PBXFileReference section */
		A01C02411620D9BA003DA76F /* CoreFoundation.framework */ = {isa = PBXFileReference; lastKnownFileType = wrapper.framework; name = CoreFoundation.framework; path = System/Library/Frameworks/CoreFoundation.framework; sourceTree = SDKROOT; };
		A039A769161F8C08009E4C10 /* SenTestingKit.framework */ = {isa = PBXFileReference; lastKnownFileType = wrapper.framework; name = SenTestingKit.framework; path = Library/Frameworks/SenTestingKit.framework; sourceTree = DEVELOPER_DIR; };
		A06ACB251608B2C300E20441 /* FieldKitOverview.app */ = {isa = PBXFileReference; explicitFileType = wrapper.application; includeInIndex = 0; path = FieldKitOverview.app; sourceTree = BUILT_PRODUCTS_DIR; };
		A06ACB291608B2C300E20441 /* UIKit.framework */ = {isa = PBXFileReference; lastKnownFileType = wrapper.framework; name = UIKit.framework; path = System/Library/Frameworks/UIKit.framework; sourceTree = SDKROOT; };
		A06ACB2B1608B2C300E20441 /* Foundation.framework */ = {isa = PBXFileReference; lastKnownFileType = wrapper.framework; name = Foundation.framework; path = System/Library/Frameworks/Foundation.framework; sourceTree = SDKROOT; };
		A06ACB2D1608B2C300E20441 /* CoreGraphics.framework */ = {isa = PBXFileReference; lastKnownFileType = wrapper.framework; name = CoreGraphics.framework; path = System/Library/Frameworks/CoreGraphics.framework; sourceTree = SDKROOT; };
		A06ACB6A160A0FF300E20441 /* CoreText.framework */ = {isa = PBXFileReference; lastKnownFileType = wrapper.framework; name = CoreText.framework; path = System/Library/Frameworks/CoreText.framework; sourceTree = SDKROOT; };
		A0F1A4A6163001DC002E6BE5 /* FieldKit.framework */ = {isa = PBXFileReference; lastKnownFileType = wrapper.framework; path = FieldKit.framework; sourceTree = "<group>"; };
		A0F1A4F716302EFC002E6BE5 /* AppDelegate.h */ = {isa = PBXFileReference; fileEncoding = 4; lastKnownFileType = sourcecode.c.h; name = AppDelegate.h; path = Classes/AppDelegate.h; sourceTree = SOURCE_ROOT; };
		A0F1A4F816302EFC002E6BE5 /* AppDelegate.m */ = {isa = PBXFileReference; fileEncoding = 4; lastKnownFileType = sourcecode.c.objc; name = AppDelegate.m; path = Classes/AppDelegate.m; sourceTree = SOURCE_ROOT; };
		A0F1A4F916302EFC002E6BE5 /* ViewController.h */ = {isa = PBXFileReference; fileEncoding = 4; lastKnownFileType = sourcecode.c.h; name = ViewController.h; path = Classes/ViewController.h; sourceTree = SOURCE_ROOT; };
		A0F1A4FA16302EFC002E6BE5 /* ViewController.m */ = {isa = PBXFileReference; fileEncoding = 4; lastKnownFileType = sourcecode.c.objc; name = ViewController.m; path = Classes/ViewController.m; sourceTree = SOURCE_ROOT; };
		A0F1A4FD16302F12002E6BE5 /* main.m */ = {isa = PBXFileReference; fileEncoding = 4; lastKnownFileType = sourcecode.c.objc; path = main.m; sourceTree = SOURCE_ROOT; };
		A0F1A50316302F3B002E6BE5 /* en */ = {isa = PBXFileReference; lastKnownFileType = text.plist.strings; name = en; path = en.lproj/InfoPlist.strings; sourceTree = SOURCE_ROOT; };
		A0F1A50516302F3B002E6BE5 /* en */ = {isa = PBXFileReference; lastKnownFileType = file.xib; name = en; path = en.lproj/ViewController_iPad.xib; sourceTree = SOURCE_ROOT; };
		A0F1A50716302F3B002E6BE5 /* en */ = {isa = PBXFileReference; lastKnownFileType = file.xib; name = en; path = en.lproj/ViewController_iPhone.xib; sourceTree = SOURCE_ROOT; };
		A0F1A53316302F95002E6BE5 /* LAScrollField_Internal.h */ = {isa = PBXFileReference; fileEncoding = 4; lastKnownFileType = sourcecode.c.h; path = LAScrollField_Internal.h; sourceTree = "<group>"; };
		A0F1A53416302F95002E6BE5 /* LAScrollField.h */ = {isa = PBXFileReference; fileEncoding = 4; lastKnownFileType = sourcecode.c.h; path = LAScrollField.h; sourceTree = "<group>"; };
		A0F1A53516302F95002E6BE5 /* LAScrollField.m */ = {isa = PBXFileReference; fileEncoding = 4; lastKnownFileType = sourcecode.c.objc; path = LAScrollField.m; sourceTree = "<group>"; };
		A0F1A53616302F95002E6BE5 /* LAScrollFieldDelegate.h */ = {isa = PBXFileReference; fileEncoding = 4; lastKnownFileType = sourcecode.c.h; path = LAScrollFieldDelegate.h; sourceTree = "<group>"; };
		A0F1A53716302F95002E6BE5 /* LATextAppearance.h */ = {isa = PBXFileReference; fileEncoding = 4; lastKnownFileType = sourcecode.c.h; path = LATextAppearance.h; sourceTree = "<group>"; };
		A0F1A53816302F95002E6BE5 /* LATextAppearance.m */ = {isa = PBXFileReference; fileEncoding = 4; lastKnownFileType = sourcecode.c.objc; path = LATextAppearance.m; sourceTree = "<group>"; };
		A0F1A53916302F95002E6BE5 /* LATextContentView_Internal.h */ = {isa = PBXFileReference; fileEncoding = 4; lastKnownFileType = sourcecode.c.h; path = LATextContentView_Internal.h; sourceTree = "<group>"; };
		A0F1A53A16302F95002E6BE5 /* LATextContentView.h */ = {isa = PBXFileReference; fileEncoding = 4; lastKnownFileType = sourcecode.c.h; path = LATextContentView.h; sourceTree = "<group>"; };
		A0F1A53B16302F95002E6BE5 /* LATextContentView.m */ = {isa = PBXFileReference; fileEncoding = 4; lastKnownFileType = sourcecode.c.objc; path = LATextContentView.m; sourceTree = "<group>"; };
		A0F1A53C16302F95002E6BE5 /* LATextField_Internal.h */ = {isa = PBXFileReference; fileEncoding = 4; lastKnownFileType = sourcecode.c.h; path = LATextField_Internal.h; sourceTree = "<group>"; };
		A0F1A53D16302F95002E6BE5 /* LATextField.h */ = {isa = PBXFileReference; fileEncoding = 4; lastKnownFileType = sourcecode.c.h; path = LATextField.h; sourceTree = "<group>"; };
		A0F1A53E16302F95002E6BE5 /* LATextField.m */ = {isa = PBXFileReference; fileEncoding = 4; lastKnownFileType = sourcecode.c.objc; path = LATextField.m; sourceTree = "<group>"; };
		A0F1A53F16302F95002E6BE5 /* LATextField+UITextInput.h */ = {isa = PBXFileReference; fileEncoding = 4; lastKnownFileType = sourcecode.c.h; path = "LATextField+UITextInput.h"; sourceTree = "<group>"; };
		A0F1A54016302F95002E6BE5 /* LATextField+UITextInput.m */ = {isa = PBXFileReference; fileEncoding = 4; lastKnownFileType = sourcecode.c.objc; path = "LATextField+UITextInput.m"; sourceTree = "<group>"; };
		A0F1A54116302F95002E6BE5 /* LATextFieldDelegate.h */ = {isa = PBXFileReference; fileEncoding = 4; lastKnownFileType = sourcecode.c.h; path = LATextFieldDelegate.h; sourceTree = "<group>"; };
		A0F1A54216302F95002E6BE5 /* LATextInteractionAssistant_Internal.h */ = {isa = PBXFileReference; fileEncoding = 4; lastKnownFileType = sourcecode.c.h; path = LATextInteractionAssistant_Internal.h; sourceTree = "<group>"; };
		A0F1A54316302F95002E6BE5 /* LATextInteractionAssistant.h */ = {isa = PBXFileReference; fileEncoding = 4; lastKnownFileType = sourcecode.c.h; path = LATextInteractionAssistant.h; sourceTree = "<group>"; };
		A0F1A54416302F95002E6BE5 /* LATextInteractionAssistant.m */ = {isa = PBXFileReference; fileEncoding = 4; lastKnownFileType = sourcecode.c.objc; path = LATextInteractionAssistant.m; sourceTree = "<group>"; };
		A0F1A54516302F95002E6BE5 /* LATextSelecting.h */ = {isa = PBXFileReference; fileEncoding = 4; lastKnownFileType = sourcecode.c.h; path = LATextSelecting.h; sourceTree = "<group>"; };
		A0F1A54616302F95002E6BE5 /* LATextSelectionView_Internal.h */ = {isa = PBXFileReference; fileEncoding = 4; lastKnownFileType = sourcecode.c.h; path = LATextSelectionView_Internal.h; sourceTree = "<group>"; };
		A0F1A54716302F95002E6BE5 /* LATextSelectionView.h */ = {isa = PBXFileReference; fileEncoding = 4; lastKnownFileType = sourcecode.c.h; path = LATextSelectionView.h; sourceTree = "<group>"; };
		A0F1A54816302F95002E6BE5 /* LATextSelectionView.m */ = {isa = PBXFileReference; fileEncoding = 4; lastKnownFileType = sourcecode.c.objc; path = LATextSelectionView.m; sourceTree = "<group>"; };
		A0F1A54916302F95002E6BE5 /* LATokenField_Internal.h */ = {isa = PBXFileReference; fileEncoding = 4; lastKnownFileType = sourcecode.c.h; path = LATokenField_Internal.h; sourceTree = "<group>"; };
		A0F1A54A16302F95002E6BE5 /* LATokenField.h */ = {isa = PBXFileReference; fileEncoding = 4; lastKnownFileType = sourcecode.c.h; path = LATokenField.h; sourceTree = "<group>"; };
		A0F1A54B16302F95002E6BE5 /* LATokenField.m */ = {isa = PBXFileReference; fileEncoding = 4; lastKnownFileType = sourcecode.c.objc; path = LATokenField.m; sourceTree = "<group>"; };
		A0F1A54C16302F95002E6BE5 /* LATokenFieldCell.h */ = {isa = PBXFileReference; fileEncoding = 4; lastKnownFileType = sourcecode.c.h; path = LATokenFieldCell.h; sourceTree = "<group>"; };
		A0F1A54D16302F95002E6BE5 /* LATokenFieldCell.m */ = {isa = PBXFileReference; fileEncoding = 4; lastKnownFileType = sourcecode.c.objc; path = LATokenFieldCell.m; sourceTree = "<group>"; };
		A0F1A54E16302F95002E6BE5 /* LATokenFieldDelegate.h */ = {isa = PBXFileReference; fileEncoding = 4; lastKnownFileType = sourcecode.c.h; path = LATokenFieldDelegate.h; sourceTree = "<group>"; };
		A0F1A5631630302D002E6BE5 /* FieldKit.bundle */ = {isa = PBXFileReference; lastKnownFileType = "wrapper.plug-in"; name = FieldKit.bundle; path = ../../Resources/FieldKit.bundle; sourceTree = SOURCE_ROOT; };
		A0F1A56516303A75002E6BE5 /* FieldKitOverview-Info.plist */ = {isa = PBXFileReference; fileEncoding = 4; lastKnownFileType = text.plist.xml; path = "FieldKitOverview-Info.plist"; sourceTree = SOURCE_ROOT; };
		A0F1A56616303A75002E6BE5 /* FieldKitOverview-Prefix.pch */ = {isa = PBXFileReference; fileEncoding = 4; lastKnownFileType = sourcecode.c.h; path = "FieldKitOverview-Prefix.pch"; sourceTree = SOURCE_ROOT; };
/* End PBXFileReference section */

/* Begin PBXFrameworksBuildPhase section */
		A06ACB221608B2C300E20441 /* Frameworks */ = {
			isa = PBXFrameworksBuildPhase;
			buildActionMask = 2147483647;
			files = (
				A06ACB6B160A0FF300E20441 /* CoreText.framework in Frameworks */,
				A06ACB2A1608B2C300E20441 /* UIKit.framework in Frameworks */,
				A06ACB2C1608B2C300E20441 /* Foundation.framework in Frameworks */,
				A06ACB2E1608B2C300E20441 /* CoreGraphics.framework in Frameworks */,
			);
			runOnlyForDeploymentPostprocessing = 0;
		};
/* End PBXFrameworksBuildPhase section */

/* Begin PBXGroup section */
		A06ACB1A1608B2C200E20441 = {
			isa = PBXGroup;
			children = (
				A0F1A4F416302EC1002E6BE5 /* Classes */,
				A0F1A4F516302ECA002E6BE5 /* Other Sources */,
				A0F1A4F616302EE4002E6BE5 /* Resources */,
				A06ACB281608B2C300E20441 /* Frameworks */,
				A06ACB261608B2C300E20441 /* Products */,
			);
			sourceTree = "<group>";
		};
		A06ACB261608B2C300E20441 /* Products */ = {
			isa = PBXGroup;
			children = (
				A06ACB251608B2C300E20441 /* FieldKitOverview.app */,
			);
			name = Products;
			sourceTree = "<group>";
		};
		A06ACB281608B2C300E20441 /* Frameworks */ = {
			isa = PBXGroup;
			children = (
				A0F1A4A6163001DC002E6BE5 /* FieldKit.framework */,
				A06ACB6A160A0FF300E20441 /* CoreText.framework */,
				A06ACB291608B2C300E20441 /* UIKit.framework */,
				A06ACB2B1608B2C300E20441 /* Foundation.framework */,
				A06ACB2D1608B2C300E20441 /* CoreGraphics.framework */,
				A039A769161F8C08009E4C10 /* SenTestingKit.framework */,
				A01C02411620D9BA003DA76F /* CoreFoundation.framework */,
			);
			name = Frameworks;
			sourceTree = "<group>";
		};
		A0F1A4F416302EC1002E6BE5 /* Classes */ = {
			isa = PBXGroup;
			children = (
				A0F1A4F716302EFC002E6BE5 /* AppDelegate.h */,
				A0F1A4F816302EFC002E6BE5 /* AppDelegate.m */,
				A0F1A4F916302EFC002E6BE5 /* ViewController.h */,
				A0F1A4FA16302EFC002E6BE5 /* ViewController.m */,
				A0F1A50B16302F66002E6BE5 /* FieldKit */,
			);
			name = Classes;
			path = FieldKit;
			sourceTree = "<group>";
		};
		A0F1A4F516302ECA002E6BE5 /* Other Sources */ = {
			isa = PBXGroup;
			children = (
				A0F1A4FD16302F12002E6BE5 /* main.m */,
				A0F1A56616303A75002E6BE5 /* FieldKitOverview-Prefix.pch */,
			);
			name = "Other Sources";
			path = FieldKit;
			sourceTree = "<group>";
		};
		A0F1A4F616302EE4002E6BE5 /* Resources */ = {
			isa = PBXGroup;
			children = (
				A0F1A56516303A75002E6BE5 /* FieldKitOverview-Info.plist */,
				A0F1A50216302F3B002E6BE5 /* InfoPlist.strings */,
				A0F1A50416302F3B002E6BE5 /* ViewController_iPad.xib */,
				A0F1A50616302F3B002E6BE5 /* ViewController_iPhone.xib */,
				A0F1A5631630302D002E6BE5 /* FieldKit.bundle */,
			);
			name = Resources;
			path = FieldKit;
			sourceTree = SOURCE_ROOT;
		};
		A0F1A50B16302F66002E6BE5 /* FieldKit */ = {
			isa = PBXGroup;
			children = (
				A0F1A53316302F95002E6BE5 /* LAScrollField_Internal.h */,
				A0F1A53416302F95002E6BE5 /* LAScrollField.h */,
				A0F1A53516302F95002E6BE5 /* LAScrollField.m */,
				A0F1A53616302F95002E6BE5 /* LAScrollFieldDelegate.h */,
				A0F1A53716302F95002E6BE5 /* LATextAppearance.h */,
				A0F1A53816302F95002E6BE5 /* LATextAppearance.m */,
				A0F1A53916302F95002E6BE5 /* LATextContentView_Internal.h */,
				A0F1A53A16302F95002E6BE5 /* LATextContentView.h */,
				A0F1A53B16302F95002E6BE5 /* LATextContentView.m */,
				A0F1A53C16302F95002E6BE5 /* LATextField_Internal.h */,
				A0F1A53D16302F95002E6BE5 /* LATextField.h */,
				A0F1A53E16302F95002E6BE5 /* LATextField.m */,
				A0F1A53F16302F95002E6BE5 /* LATextField+UITextInput.h */,
				A0F1A54016302F95002E6BE5 /* LATextField+UITextInput.m */,
				A0F1A54116302F95002E6BE5 /* LATextFieldDelegate.h */,
				A0F1A54216302F95002E6BE5 /* LATextInteractionAssistant_Internal.h */,
				A0F1A54316302F95002E6BE5 /* LATextInteractionAssistant.h */,
				A0F1A54416302F95002E6BE5 /* LATextInteractionAssistant.m */,
				A0F1A54516302F95002E6BE5 /* LATextSelecting.h */,
				A0F1A54616302F95002E6BE5 /* LATextSelectionView_Internal.h */,
				A0F1A54716302F95002E6BE5 /* LATextSelectionView.h */,
				A0F1A54816302F95002E6BE5 /* LATextSelectionView.m */,
				A0F1A54916302F95002E6BE5 /* LATokenField_Internal.h */,
				A0F1A54A16302F95002E6BE5 /* LATokenField.h */,
				A0F1A54B16302F95002E6BE5 /* LATokenField.m */,
				A0F1A54C16302F95002E6BE5 /* LATokenFieldCell.h */,
				A0F1A54D16302F95002E6BE5 /* LATokenFieldCell.m */,
				A0F1A54E16302F95002E6BE5 /* LATokenFieldDelegate.h */,
			);
			name = FieldKit;
			path = ../../Classes;
			sourceTree = SOURCE_ROOT;
		};
/* End PBXGroup section */

/* Begin PBXNativeTarget section */
		A06ACB241608B2C300E20441 /* FieldKitOverview */ = {
			isa = PBXNativeTarget;
			buildConfigurationList = A06ACB461608B2C300E20441 /* Build configuration list for PBXNativeTarget "FieldKitOverview" */;
			buildPhases = (
				A06ACB211608B2C300E20441 /* Sources */,
				A06ACB221608B2C300E20441 /* Frameworks */,
				A06ACB231608B2C300E20441 /* Resources */,
			);
			buildRules = (
			);
			dependencies = (
			);
			name = FieldKitOverview;
			productName = LauggaKit;
			productReference = A06ACB251608B2C300E20441 /* FieldKitOverview.app */;
			productType = "com.apple.product-type.application";
		};
/* End PBXNativeTarget section */

/* Begin PBXProject section */
		A06ACB1C1608B2C200E20441 /* Project object */ = {
			isa = PBXProject;
			attributes = {
				LastUpgradeCheck = 0430;
				ORGANIZATIONNAME = "Luis Laugga";
			};
			buildConfigurationList = A06ACB1F1608B2C200E20441 /* Build configuration list for PBXProject "FieldKitOverview" */;
			compatibilityVersion = "Xcode 3.2";
			developmentRegion = English;
			hasScannedForEncodings = 0;
			knownRegions = (
				en,
			);
			mainGroup = A06ACB1A1608B2C200E20441;
			productRefGroup = A06ACB261608B2C300E20441 /* Products */;
			projectDirPath = "";
			projectRoot = "";
			targets = (
				A06ACB241608B2C300E20441 /* FieldKitOverview */,
			);
		};
/* End PBXProject section */

/* Begin PBXResourcesBuildPhase section */
		A06ACB231608B2C300E20441 /* Resources */ = {
			isa = PBXResourcesBuildPhase;
			buildActionMask = 2147483647;
			files = (
				A0F1A50816302F3B002E6BE5 /* InfoPlist.strings in Resources */,
				A0F1A50916302F3B002E6BE5 /* ViewController_iPad.xib in Resources */,
				A0F1A50A16302F3B002E6BE5 /* ViewController_iPhone.xib in Resources */,
				A0F1A5641630302D002E6BE5 /* FieldKit.bundle in Resources */,
			);
			runOnlyForDeploymentPostprocessing = 0;
		};
/* End PBXResourcesBuildPhase section */

/* Begin PBXSourcesBuildPhase section */
		A06ACB211608B2C300E20441 /* Sources */ = {
			isa = PBXSourcesBuildPhase;
			buildActionMask = 2147483647;
			files = (
				A0F1A4FB16302EFC002E6BE5 /* AppDelegate.m in Sources */,
				A0F1A4FC16302EFC002E6BE5 /* ViewController.m in Sources */,
				A0F1A4FF16302F12002E6BE5 /* main.m in Sources */,
				A0F1A54F16302F95002E6BE5 /* LAScrollField.m in Sources */,
				A0F1A55016302F95002E6BE5 /* LATextAppearance.m in Sources */,
				A0F1A55116302F95002E6BE5 /* LATextContentView.m in Sources */,
				A0F1A55216302F95002E6BE5 /* LATextField.m in Sources */,
				A0F1A55316302F95002E6BE5 /* LATextField+UITextInput.m in Sources */,
				A0F1A55416302F95002E6BE5 /* LATextInteractionAssistant.m in Sources */,
				A0F1A55516302F95002E6BE5 /* LATextSelectionView.m in Sources */,
				A0F1A55616302F95002E6BE5 /* LATokenField.m in Sources */,
				A0F1A55716302F95002E6BE5 /* LATokenFieldCell.m in Sources */,
			);
			runOnlyForDeploymentPostprocessing = 0;
		};
/* End PBXSourcesBuildPhase section */

/* Begin PBXVariantGroup section */
		A0F1A50216302F3B002E6BE5 /* InfoPlist.strings */ = {
			isa = PBXVariantGroup;
			children = (
				A0F1A50316302F3B002E6BE5 /* en */,
			);
			name = InfoPlist.strings;
			sourceTree = "<group>";
		};
		A0F1A50416302F3B002E6BE5 /* ViewController_iPad.xib */ = {
			isa = PBXVariantGroup;
			children = (
				A0F1A50516302F3B002E6BE5 /* en */,
			);
			name = ViewController_iPad.xib;
			sourceTree = "<group>";
		};
		A0F1A50616302F3B002E6BE5 /* ViewController_iPhone.xib */ = {
			isa = PBXVariantGroup;
			children = (
				A0F1A50716302F3B002E6BE5 /* en */,
			);
			name = ViewController_iPhone.xib;
			sourceTree = "<group>";
		};
/* End PBXVariantGroup section */

/* Begin XCBuildConfiguration section */
		A06ACB441608B2C300E20441 /* Debug */ = {
			isa = XCBuildConfiguration;
			buildSettings = {
				ALWAYS_SEARCH_USER_PATHS = NO;
				ARCHS = "$(ARCHS_STANDARD_32_BIT)";
				"CODE_SIGN_IDENTITY[sdk=iphoneos*]" = "iPhone Developer";
				COPY_PHASE_STRIP = NO;
				GCC_C_LANGUAGE_STANDARD = gnu99;
				GCC_DYNAMIC_NO_PIC = NO;
				GCC_OPTIMIZATION_LEVEL = 0;
				GCC_PREPROCESSOR_DEFINITIONS = (
					"DEBUG=1",
					"$(inherited)",
				);
				GCC_SYMBOLS_PRIVATE_EXTERN = NO;
				GCC_VERSION = com.apple.compilers.llvm.clang.1_0;
				GCC_WARN_ABOUT_RETURN_TYPE = YES;
				GCC_WARN_UNINITIALIZED_AUTOS = YES;
				GCC_WARN_UNUSED_VARIABLE = YES;
				IPHONEOS_DEPLOYMENT_TARGET = 4.0;
				SDKROOT = iphoneos;
				TARGETED_DEVICE_FAMILY = "1,2";
			};
			name = Debug;
		};
		A06ACB451608B2C300E20441 /* Release */ = {
			isa = XCBuildConfiguration;
			buildSettings = {
				ALWAYS_SEARCH_USER_PATHS = NO;
				ARCHS = "$(ARCHS_STANDARD_32_BIT)";
				"CODE_SIGN_IDENTITY[sdk=iphoneos*]" = "iPhone Developer";
				COPY_PHASE_STRIP = YES;
				GCC_C_LANGUAGE_STANDARD = gnu99;
				GCC_VERSION = com.apple.compilers.llvm.clang.1_0;
				GCC_WARN_ABOUT_RETURN_TYPE = YES;
				GCC_WARN_UNINITIALIZED_AUTOS = YES;
				GCC_WARN_UNUSED_VARIABLE = YES;
				IPHONEOS_DEPLOYMENT_TARGET = 4.0;
				OTHER_CFLAGS = "-DNS_BLOCK_ASSERTIONS=1";
				SDKROOT = iphoneos;
				TARGETED_DEVICE_FAMILY = "1,2";
				VALIDATE_PRODUCT = YES;
			};
			name = Release;
		};
		A06ACB471608B2C300E20441 /* Debug */ = {
			isa = XCBuildConfiguration;
			buildSettings = {
				FRAMEWORK_SEARCH_PATHS = (
					"$(inherited)",
					"\"$(SRCROOT)\"",
				);
				GCC_PRECOMPILE_PREFIX_HEADER = YES;
				GCC_PREFIX_HEADER = "FieldKitOverview-Prefix.pch";
				INFOPLIST_FILE = "FieldKitOverview-Info.plist";
				OTHER_LDFLAGS = "-ObjC";
				PRODUCT_NAME = FieldKitOverview;
				WRAPPER_EXTENSION = app;
			};
			name = Debug;
		};
		A06ACB481608B2C300E20441 /* Release */ = {
			isa = XCBuildConfiguration;
			buildSettings = {
				FRAMEWORK_SEARCH_PATHS = (
					"$(inherited)",
					"\"$(SRCROOT)\"",
				);
				GCC_PRECOMPILE_PREFIX_HEADER = YES;
				GCC_PREFIX_HEADER = "FieldKitOverview-Prefix.pch";
				INFOPLIST_FILE = "FieldKitOverview-Info.plist";
				OTHER_LDFLAGS = "-ObjC";
				PRODUCT_NAME = FieldKitOverview;
				WRAPPER_EXTENSION = app;
			};
			name = Release;
		};
/* End XCBuildConfiguration section */

/* Begin XCConfigurationList section */
		A06ACB1F1608B2C200E20441 /* Build configuration list for PBXProject "FieldKitOverview" */ = {
			isa = XCConfigurationList;
			buildConfigurations = (
				A06ACB441608B2C300E20441 /* Debug */,
				A06ACB451608B2C300E20441 /* Release */,
			);
			defaultConfigurationIsVisible = 0;
			defaultConfigurationName = Release;
		};
		A06ACB461608B2C300E20441 /* Build configuration list for PBXNativeTarget "FieldKitOverview" */ = {
			isa = XCConfigurationList;
			buildConfigurations = (
				A06ACB471608B2C300E20441 /* Debug */,
				A06ACB481608B2C300E20441 /* Release */,
			);
			defaultConfigurationIsVisible = 0;
			defaultConfigurationName = Release;
		};
/* End XCConfigurationList section */
	};
	rootObject = A06ACB1C1608B2C200E20441 /* Project object */;
}
