// !$*UTF8*$!
{
	archiveVersion = 1;
	classes = {
	};
	objectVersion = 46;
	objects = {

/* Begin PBXAggregateTarget section */
		A01C024F1620DA06003DA76F /* Framework Debug */ = {
			isa = PBXAggregateTarget;
			buildConfigurationList = A01C02501620DA06003DA76F /* Build configuration list for PBXAggregateTarget "Framework Debug" */;
			buildPhases = (
				A01C02591620DA95003DA76F /* ShellScript */,
			);
			dependencies = (
				A01C02541620DA13003DA76F /* PBXTargetDependency */,
				A01C02561620DA15003DA76F /* PBXTargetDependency */,
			);
			name = "Framework Debug";
			productName = "Framework Debug";
		};
/* End PBXAggregateTarget section */

/* Begin PBXBuildFile section */
		A01C021E1620D8F1003DA76F /* LAScrollField.m in Sources */ = {isa = PBXBuildFile; fileRef = A07DC78C1614A1E700F75DC5 /* LAScrollField.m */; };
		A01C021F1620D8F1003DA76F /* LATokenField.m in Sources */ = {isa = PBXBuildFile; fileRef = A0825C6D16111632006F3DB0 /* LATokenField.m */; };
		A01C02201620D8F1003DA76F /* LATokenFieldCell.m in Sources */ = {isa = PBXBuildFile; fileRef = A0825C6F16111632006F3DB0 /* LATokenFieldCell.m */; };
		A01C02211620D8F1003DA76F /* LATextAppearance.m in Sources */ = {isa = PBXBuildFile; fileRef = A0825C5A16111632006F3DB0 /* LATextAppearance.m */; };
		A01C02221620D8F1003DA76F /* LATextContentView.m in Sources */ = {isa = PBXBuildFile; fileRef = A0825C5D16111632006F3DB0 /* LATextContentView.m */; };
		A01C02231620D8F1003DA76F /* LATextField.m in Sources */ = {isa = PBXBuildFile; fileRef = A0825C6016111632006F3DB0 /* LATextField.m */; };
		A01C02241620D8F1003DA76F /* LATextField+UITextInput.m in Sources */ = {isa = PBXBuildFile; fileRef = A0825C6216111632006F3DB0 /* LATextField+UITextInput.m */; };
		A01C02251620D8F1003DA76F /* LATextInteractionAssistant.m in Sources */ = {isa = PBXBuildFile; fileRef = A0825C6616111632006F3DB0 /* LATextInteractionAssistant.m */; };
		A01C02261620D8F1003DA76F /* LATextSelectionView.m in Sources */ = {isa = PBXBuildFile; fileRef = A0825C6A16111632006F3DB0 /* LATextSelectionView.m */; };
		A01C02281620D925003DA76F /* LAScrollField.h in Headers */ = {isa = PBXBuildFile; fileRef = A07DC78B1614A1E700F75DC5 /* LAScrollField.h */; settings = {ATTRIBUTES = (Public, ); }; };
		A01C02291620D925003DA76F /* LAScrollFieldDelegate.h in Headers */ = {isa = PBXBuildFile; fileRef = A07DC78D1614A1E700F75DC5 /* LAScrollFieldDelegate.h */; settings = {ATTRIBUTES = (Public, ); }; };
		A01C022A1620D925003DA76F /* LATokenFieldDelegate.h in Headers */ = {isa = PBXBuildFile; fileRef = A0825C7016111632006F3DB0 /* LATokenFieldDelegate.h */; settings = {ATTRIBUTES = (Public, ); }; };
		A01C022B1620D925003DA76F /* LATokenField.h in Headers */ = {isa = PBXBuildFile; fileRef = A0825C6C16111632006F3DB0 /* LATokenField.h */; settings = {ATTRIBUTES = (Public, ); }; };
		A01C022C1620D925003DA76F /* LATextAppearance.h in Headers */ = {isa = PBXBuildFile; fileRef = A0825C5916111632006F3DB0 /* LATextAppearance.h */; settings = {ATTRIBUTES = (Public, ); }; };
		A01C022D1620D925003DA76F /* LATextField.h in Headers */ = {isa = PBXBuildFile; fileRef = A0825C5F16111632006F3DB0 /* LATextField.h */; settings = {ATTRIBUTES = (Public, ); }; };
		A01C022E1620D925003DA76F /* LATextFieldDelegate.h in Headers */ = {isa = PBXBuildFile; fileRef = A0825C6316111632006F3DB0 /* LATextFieldDelegate.h */; settings = {ATTRIBUTES = (Public, ); }; };
		A01C022F1620D953003DA76F /* LAScrollField_Internal.h in Headers */ = {isa = PBXBuildFile; fileRef = A07DC7941614A2C300F75DC5 /* LAScrollField_Internal.h */; settings = {ATTRIBUTES = (Private, ); }; };
		A01C02301620D953003DA76F /* LATokenField_Internal.h in Headers */ = {isa = PBXBuildFile; fileRef = A0825C6B16111632006F3DB0 /* LATokenField_Internal.h */; settings = {ATTRIBUTES = (Private, ); }; };
		A01C02311620D953003DA76F /* LATokenFieldCell.h in Headers */ = {isa = PBXBuildFile; fileRef = A0825C6E16111632006F3DB0 /* LATokenFieldCell.h */; settings = {ATTRIBUTES = (Private, ); }; };
		A01C02321620D953003DA76F /* LATextContentView_Internal.h in Headers */ = {isa = PBXBuildFile; fileRef = A0825C5B16111632006F3DB0 /* LATextContentView_Internal.h */; settings = {ATTRIBUTES = (Private, ); }; };
		A01C02331620D953003DA76F /* LATextContentView.h in Headers */ = {isa = PBXBuildFile; fileRef = A0825C5C16111632006F3DB0 /* LATextContentView.h */; settings = {ATTRIBUTES = (Private, ); }; };
		A01C02341620D953003DA76F /* LATextField_Internal.h in Headers */ = {isa = PBXBuildFile; fileRef = A0825C5E16111632006F3DB0 /* LATextField_Internal.h */; settings = {ATTRIBUTES = (Private, ); }; };
		A01C02351620D953003DA76F /* LATextField+UITextInput.h in Headers */ = {isa = PBXBuildFile; fileRef = A0825C6116111632006F3DB0 /* LATextField+UITextInput.h */; settings = {ATTRIBUTES = (Private, ); }; };
		A01C02361620D953003DA76F /* LATextInteractionAssistant_Internal.h in Headers */ = {isa = PBXBuildFile; fileRef = A0825C6416111632006F3DB0 /* LATextInteractionAssistant_Internal.h */; settings = {ATTRIBUTES = (Private, ); }; };
		A01C02371620D953003DA76F /* LATextInteractionAssistant.h in Headers */ = {isa = PBXBuildFile; fileRef = A0825C6516111632006F3DB0 /* LATextInteractionAssistant.h */; settings = {ATTRIBUTES = (Private, ); }; };
		A01C02381620D953003DA76F /* LATextSelecting.h in Headers */ = {isa = PBXBuildFile; fileRef = A0825C6716111632006F3DB0 /* LATextSelecting.h */; settings = {ATTRIBUTES = (Private, ); }; };
		A01C02391620D953003DA76F /* LATextSelectionView_Internal.h in Headers */ = {isa = PBXBuildFile; fileRef = A0825C6816111632006F3DB0 /* LATextSelectionView_Internal.h */; settings = {ATTRIBUTES = (Private, ); }; };
		A01C023A1620D953003DA76F /* LATextSelectionView.h in Headers */ = {isa = PBXBuildFile; fileRef = A0825C6916111632006F3DB0 /* LATextSelectionView.h */; settings = {ATTRIBUTES = (Private, ); }; };
		A01C024D1620D9DF003DA76F /* LAFieldKit.bundle in Resources */ = {isa = PBXBuildFile; fileRef = A0825C7916111656006F3DB0 /* LAFieldKit.bundle */; };
		A01C02581620DA6B003DA76F /* Support in Resources */ = {isa = PBXBuildFile; fileRef = A01C02571620DA6B003DA76F /* Support */; };
		A01C025B1620DDD1003DA76F /* CoreText.framework in Frameworks */ = {isa = PBXBuildFile; fileRef = A06ACB6A160A0FF300E20441 /* CoreText.framework */; };
		A01C025C1620DDD4003DA76F /* UIKit.framework in Frameworks */ = {isa = PBXBuildFile; fileRef = A06ACB291608B2C300E20441 /* UIKit.framework */; };
		A01C025D1620DDD9003DA76F /* Foundation.framework in Frameworks */ = {isa = PBXBuildFile; fileRef = A06ACB2B1608B2C300E20441 /* Foundation.framework */; };
		A01C025E1620DDDC003DA76F /* CoreGraphics.framework in Frameworks */ = {isa = PBXBuildFile; fileRef = A06ACB2D1608B2C300E20441 /* CoreGraphics.framework */; };
		A01C025F1620DDDE003DA76F /* CoreFoundation.framework in Frameworks */ = {isa = PBXBuildFile; fileRef = A01C02411620D9BA003DA76F /* CoreFoundation.framework */; };
		A039A76A161F8C08009E4C10 /* SenTestingKit.framework in Frameworks */ = {isa = PBXBuildFile; fileRef = A039A769161F8C08009E4C10 /* SenTestingKit.framework */; };
		A039A76B161F8C08009E4C10 /* UIKit.framework in Frameworks */ = {isa = PBXBuildFile; fileRef = A06ACB291608B2C300E20441 /* UIKit.framework */; };
		A039A76C161F8C08009E4C10 /* Foundation.framework in Frameworks */ = {isa = PBXBuildFile; fileRef = A06ACB2B1608B2C300E20441 /* Foundation.framework */; };
		A039A772161F8C08009E4C10 /* InfoPlist.strings in Resources */ = {isa = PBXBuildFile; fileRef = A039A770161F8C08009E4C10 /* InfoPlist.strings */; };
		A039A775161F8C08009E4C10 /* LATokenFieldTest.m in Sources */ = {isa = PBXBuildFile; fileRef = A039A774161F8C08009E4C10 /* LATokenFieldTest.m */; };
		A06ACB2A1608B2C300E20441 /* UIKit.framework in Frameworks */ = {isa = PBXBuildFile; fileRef = A06ACB291608B2C300E20441 /* UIKit.framework */; };
		A06ACB2C1608B2C300E20441 /* Foundation.framework in Frameworks */ = {isa = PBXBuildFile; fileRef = A06ACB2B1608B2C300E20441 /* Foundation.framework */; };
		A06ACB2E1608B2C300E20441 /* CoreGraphics.framework in Frameworks */ = {isa = PBXBuildFile; fileRef = A06ACB2D1608B2C300E20441 /* CoreGraphics.framework */; };
		A06ACB341608B2C300E20441 /* InfoPlist.strings in Resources */ = {isa = PBXBuildFile; fileRef = A06ACB321608B2C300E20441 /* InfoPlist.strings */; };
		A06ACB361608B2C300E20441 /* main.m in Sources */ = {isa = PBXBuildFile; fileRef = A06ACB351608B2C300E20441 /* main.m */; };
		A06ACB3A1608B2C300E20441 /* AppDelegate.m in Sources */ = {isa = PBXBuildFile; fileRef = A06ACB391608B2C300E20441 /* AppDelegate.m */; };
		A06ACB3D1608B2C300E20441 /* ViewController.m in Sources */ = {isa = PBXBuildFile; fileRef = A06ACB3C1608B2C300E20441 /* ViewController.m */; };
		A06ACB401608B2C300E20441 /* ViewController_iPhone.xib in Resources */ = {isa = PBXBuildFile; fileRef = A06ACB3E1608B2C300E20441 /* ViewController_iPhone.xib */; };
		A06ACB431608B2C300E20441 /* ViewController_iPad.xib in Resources */ = {isa = PBXBuildFile; fileRef = A06ACB411608B2C300E20441 /* ViewController_iPad.xib */; };
		A06ACB6B160A0FF300E20441 /* CoreText.framework in Frameworks */ = {isa = PBXBuildFile; fileRef = A06ACB6A160A0FF300E20441 /* CoreText.framework */; };
		A07DC78E1614A1E700F75DC5 /* LAScrollField.m in Sources */ = {isa = PBXBuildFile; fileRef = A07DC78C1614A1E700F75DC5 /* LAScrollField.m */; };
		A0825C7116111632006F3DB0 /* LATextAppearance.m in Sources */ = {isa = PBXBuildFile; fileRef = A0825C5A16111632006F3DB0 /* LATextAppearance.m */; };
		A0825C7216111632006F3DB0 /* LATextContentView.m in Sources */ = {isa = PBXBuildFile; fileRef = A0825C5D16111632006F3DB0 /* LATextContentView.m */; };
		A0825C7316111632006F3DB0 /* LATextField.m in Sources */ = {isa = PBXBuildFile; fileRef = A0825C6016111632006F3DB0 /* LATextField.m */; };
		A0825C7416111632006F3DB0 /* LATextField+UITextInput.m in Sources */ = {isa = PBXBuildFile; fileRef = A0825C6216111632006F3DB0 /* LATextField+UITextInput.m */; };
		A0825C7516111632006F3DB0 /* LATextInteractionAssistant.m in Sources */ = {isa = PBXBuildFile; fileRef = A0825C6616111632006F3DB0 /* LATextInteractionAssistant.m */; };
		A0825C7616111632006F3DB0 /* LATextSelectionView.m in Sources */ = {isa = PBXBuildFile; fileRef = A0825C6A16111632006F3DB0 /* LATextSelectionView.m */; };
		A0825C7716111632006F3DB0 /* LATokenField.m in Sources */ = {isa = PBXBuildFile; fileRef = A0825C6D16111632006F3DB0 /* LATokenField.m */; };
		A0825C7816111632006F3DB0 /* LATokenFieldCell.m in Sources */ = {isa = PBXBuildFile; fileRef = A0825C6F16111632006F3DB0 /* LATokenFieldCell.m */; };
		A0825C7A16111656006F3DB0 /* LAFieldKit.bundle in Resources */ = {isa = PBXBuildFile; fileRef = A0825C7916111656006F3DB0 /* LAFieldKit.bundle */; };
/* End PBXBuildFile section */

/* Begin PBXContainerItemProxy section */
		A01C02531620DA13003DA76F /* PBXContainerItemProxy */ = {
			isa = PBXContainerItemProxy;
			containerPortal = A06ACB1C1608B2C200E20441 /* Project object */;
			proxyType = 1;
			remoteGlobalIDString = A01C02111620D8B4003DA76F;
			remoteInfo = "Static Library";
		};
		A01C02551620DA15003DA76F /* PBXContainerItemProxy */ = {
			isa = PBXContainerItemProxy;
			containerPortal = A06ACB1C1608B2C200E20441 /* Project object */;
			proxyType = 1;
			remoteGlobalIDString = A01C023F1620D9BA003DA76F;
			remoteInfo = "Resources Bundle";
		};
/* End PBXContainerItemProxy section */

/* Begin PBXFileReference section */
		A01C02121620D8B4003DA76F /* libFieldKit.a */ = {isa = PBXFileReference; explicitFileType = archive.ar; includeInIndex = 0; path = libFieldKit.a; sourceTree = BUILT_PRODUCTS_DIR; };
		A01C02401620D9BA003DA76F /* FieldKit.bundle */ = {isa = PBXFileReference; explicitFileType = wrapper.cfbundle; includeInIndex = 0; path = FieldKit.bundle; sourceTree = BUILT_PRODUCTS_DIR; };
		A01C02411620D9BA003DA76F /* CoreFoundation.framework */ = {isa = PBXFileReference; lastKnownFileType = wrapper.framework; name = CoreFoundation.framework; path = System/Library/Frameworks/CoreFoundation.framework; sourceTree = SDKROOT; };
		A01C02571620DA6B003DA76F /* Support */ = {isa = PBXFileReference; lastKnownFileType = folder; name = Support; path = ../Support; sourceTree = "<group>"; };
		A039A768161F8C08009E4C10 /* Test.octest */ = {isa = PBXFileReference; explicitFileType = wrapper.cfbundle; includeInIndex = 0; path = Test.octest; sourceTree = BUILT_PRODUCTS_DIR; };
		A039A769161F8C08009E4C10 /* SenTestingKit.framework */ = {isa = PBXFileReference; lastKnownFileType = wrapper.framework; name = SenTestingKit.framework; path = Library/Frameworks/SenTestingKit.framework; sourceTree = DEVELOPER_DIR; };
		A039A76F161F8C08009E4C10 /* Test-Info.plist */ = {isa = PBXFileReference; lastKnownFileType = text.plist.xml; path = "Test-Info.plist"; sourceTree = "<group>"; };
		A039A771161F8C08009E4C10 /* en */ = {isa = PBXFileReference; lastKnownFileType = text.plist.strings; name = en; path = en.lproj/InfoPlist.strings; sourceTree = "<group>"; };
		A039A773161F8C08009E4C10 /* LATokenFieldTest.h */ = {isa = PBXFileReference; lastKnownFileType = sourcecode.c.h; path = LATokenFieldTest.h; sourceTree = "<group>"; };
		A039A774161F8C08009E4C10 /* LATokenFieldTest.m */ = {isa = PBXFileReference; lastKnownFileType = sourcecode.c.objc; path = LATokenFieldTest.m; sourceTree = "<group>"; };
		A039A776161F8C08009E4C10 /* Test-Prefix.pch */ = {isa = PBXFileReference; lastKnownFileType = sourcecode.c.h; path = "Test-Prefix.pch"; sourceTree = "<group>"; };
		A06ACB251608B2C300E20441 /* FieldKit.app */ = {isa = PBXFileReference; explicitFileType = wrapper.application; includeInIndex = 0; path = FieldKit.app; sourceTree = BUILT_PRODUCTS_DIR; };
		A06ACB291608B2C300E20441 /* UIKit.framework */ = {isa = PBXFileReference; lastKnownFileType = wrapper.framework; name = UIKit.framework; path = System/Library/Frameworks/UIKit.framework; sourceTree = SDKROOT; };
		A06ACB2B1608B2C300E20441 /* Foundation.framework */ = {isa = PBXFileReference; lastKnownFileType = wrapper.framework; name = Foundation.framework; path = System/Library/Frameworks/Foundation.framework; sourceTree = SDKROOT; };
		A06ACB2D1608B2C300E20441 /* CoreGraphics.framework */ = {isa = PBXFileReference; lastKnownFileType = wrapper.framework; name = CoreGraphics.framework; path = System/Library/Frameworks/CoreGraphics.framework; sourceTree = SDKROOT; };
		A06ACB311608B2C300E20441 /* FieldKit-Info.plist */ = {isa = PBXFileReference; lastKnownFileType = text.plist; path = "FieldKit-Info.plist"; sourceTree = "<group>"; };
		A06ACB331608B2C300E20441 /* en */ = {isa = PBXFileReference; lastKnownFileType = text.plist.strings; name = en; path = en.lproj/InfoPlist.strings; sourceTree = "<group>"; };
		A06ACB351608B2C300E20441 /* main.m */ = {isa = PBXFileReference; lastKnownFileType = sourcecode.c.objc; path = main.m; sourceTree = "<group>"; };
		A06ACB371608B2C300E20441 /* FieldKit-Prefix.pch */ = {isa = PBXFileReference; lastKnownFileType = sourcecode.c.h; path = "FieldKit-Prefix.pch"; sourceTree = "<group>"; };
		A06ACB381608B2C300E20441 /* AppDelegate.h */ = {isa = PBXFileReference; lastKnownFileType = sourcecode.c.h; path = AppDelegate.h; sourceTree = "<group>"; };
		A06ACB391608B2C300E20441 /* AppDelegate.m */ = {isa = PBXFileReference; lastKnownFileType = sourcecode.c.objc; path = AppDelegate.m; sourceTree = "<group>"; };
		A06ACB3B1608B2C300E20441 /* ViewController.h */ = {isa = PBXFileReference; lastKnownFileType = sourcecode.c.h; path = ViewController.h; sourceTree = "<group>"; };
		A06ACB3C1608B2C300E20441 /* ViewController.m */ = {isa = PBXFileReference; lastKnownFileType = sourcecode.c.objc; path = ViewController.m; sourceTree = "<group>"; };
		A06ACB3F1608B2C300E20441 /* en */ = {isa = PBXFileReference; lastKnownFileType = file.xib; name = en; path = en.lproj/ViewController_iPhone.xib; sourceTree = "<group>"; };
		A06ACB421608B2C300E20441 /* en */ = {isa = PBXFileReference; lastKnownFileType = file.xib; name = en; path = en.lproj/ViewController_iPad.xib; sourceTree = "<group>"; };
		A06ACB6A160A0FF300E20441 /* CoreText.framework */ = {isa = PBXFileReference; lastKnownFileType = wrapper.framework; name = CoreText.framework; path = System/Library/Frameworks/CoreText.framework; sourceTree = SDKROOT; };
		A07DC78B1614A1E700F75DC5 /* LAScrollField.h */ = {isa = PBXFileReference; fileEncoding = 4; lastKnownFileType = sourcecode.c.h; path = LAScrollField.h; sourceTree = "<group>"; };
		A07DC78C1614A1E700F75DC5 /* LAScrollField.m */ = {isa = PBXFileReference; fileEncoding = 4; lastKnownFileType = sourcecode.c.objc; path = LAScrollField.m; sourceTree = "<group>"; };
		A07DC78D1614A1E700F75DC5 /* LAScrollFieldDelegate.h */ = {isa = PBXFileReference; fileEncoding = 4; lastKnownFileType = sourcecode.c.h; path = LAScrollFieldDelegate.h; sourceTree = "<group>"; };
		A07DC7941614A2C300F75DC5 /* LAScrollField_Internal.h */ = {isa = PBXFileReference; fileEncoding = 4; lastKnownFileType = sourcecode.c.h; path = LAScrollField_Internal.h; sourceTree = "<group>"; };
		A0825C5916111632006F3DB0 /* LATextAppearance.h */ = {isa = PBXFileReference; fileEncoding = 4; lastKnownFileType = sourcecode.c.h; path = LATextAppearance.h; sourceTree = "<group>"; };
		A0825C5A16111632006F3DB0 /* LATextAppearance.m */ = {isa = PBXFileReference; fileEncoding = 4; lastKnownFileType = sourcecode.c.objc; path = LATextAppearance.m; sourceTree = "<group>"; };
		A0825C5B16111632006F3DB0 /* LATextContentView_Internal.h */ = {isa = PBXFileReference; fileEncoding = 4; lastKnownFileType = sourcecode.c.h; path = LATextContentView_Internal.h; sourceTree = "<group>"; };
		A0825C5C16111632006F3DB0 /* LATextContentView.h */ = {isa = PBXFileReference; fileEncoding = 4; lastKnownFileType = sourcecode.c.h; path = LATextContentView.h; sourceTree = "<group>"; };
		A0825C5D16111632006F3DB0 /* LATextContentView.m */ = {isa = PBXFileReference; fileEncoding = 4; lastKnownFileType = sourcecode.c.objc; path = LATextContentView.m; sourceTree = "<group>"; };
		A0825C5E16111632006F3DB0 /* LATextField_Internal.h */ = {isa = PBXFileReference; fileEncoding = 4; lastKnownFileType = sourcecode.c.h; path = LATextField_Internal.h; sourceTree = "<group>"; };
		A0825C5F16111632006F3DB0 /* LATextField.h */ = {isa = PBXFileReference; fileEncoding = 4; lastKnownFileType = sourcecode.c.h; path = LATextField.h; sourceTree = "<group>"; };
		A0825C6016111632006F3DB0 /* LATextField.m */ = {isa = PBXFileReference; fileEncoding = 4; lastKnownFileType = sourcecode.c.objc; path = LATextField.m; sourceTree = "<group>"; };
		A0825C6116111632006F3DB0 /* LATextField+UITextInput.h */ = {isa = PBXFileReference; fileEncoding = 4; lastKnownFileType = sourcecode.c.h; path = "LATextField+UITextInput.h"; sourceTree = "<group>"; };
		A0825C6216111632006F3DB0 /* LATextField+UITextInput.m */ = {isa = PBXFileReference; fileEncoding = 4; lastKnownFileType = sourcecode.c.objc; path = "LATextField+UITextInput.m"; sourceTree = "<group>"; };
		A0825C6316111632006F3DB0 /* LATextFieldDelegate.h */ = {isa = PBXFileReference; fileEncoding = 4; lastKnownFileType = sourcecode.c.h; path = LATextFieldDelegate.h; sourceTree = "<group>"; };
		A0825C6416111632006F3DB0 /* LATextInteractionAssistant_Internal.h */ = {isa = PBXFileReference; fileEncoding = 4; lastKnownFileType = sourcecode.c.h; path = LATextInteractionAssistant_Internal.h; sourceTree = "<group>"; };
		A0825C6516111632006F3DB0 /* LATextInteractionAssistant.h */ = {isa = PBXFileReference; fileEncoding = 4; lastKnownFileType = sourcecode.c.h; path = LATextInteractionAssistant.h; sourceTree = "<group>"; };
		A0825C6616111632006F3DB0 /* LATextInteractionAssistant.m */ = {isa = PBXFileReference; fileEncoding = 4; lastKnownFileType = sourcecode.c.objc; path = LATextInteractionAssistant.m; sourceTree = "<group>"; };
		A0825C6716111632006F3DB0 /* LATextSelecting.h */ = {isa = PBXFileReference; fileEncoding = 4; lastKnownFileType = sourcecode.c.h; path = LATextSelecting.h; sourceTree = "<group>"; };
		A0825C6816111632006F3DB0 /* LATextSelectionView_Internal.h */ = {isa = PBXFileReference; fileEncoding = 4; lastKnownFileType = sourcecode.c.h; path = LATextSelectionView_Internal.h; sourceTree = "<group>"; };
		A0825C6916111632006F3DB0 /* LATextSelectionView.h */ = {isa = PBXFileReference; fileEncoding = 4; lastKnownFileType = sourcecode.c.h; path = LATextSelectionView.h; sourceTree = "<group>"; };
		A0825C6A16111632006F3DB0 /* LATextSelectionView.m */ = {isa = PBXFileReference; fileEncoding = 4; lastKnownFileType = sourcecode.c.objc; path = LATextSelectionView.m; sourceTree = "<group>"; };
		A0825C6B16111632006F3DB0 /* LATokenField_Internal.h */ = {isa = PBXFileReference; fileEncoding = 4; lastKnownFileType = sourcecode.c.h; path = LATokenField_Internal.h; sourceTree = "<group>"; };
		A0825C6C16111632006F3DB0 /* LATokenField.h */ = {isa = PBXFileReference; fileEncoding = 4; lastKnownFileType = sourcecode.c.h; path = LATokenField.h; sourceTree = "<group>"; };
		A0825C6D16111632006F3DB0 /* LATokenField.m */ = {isa = PBXFileReference; fileEncoding = 4; lastKnownFileType = sourcecode.c.objc; path = LATokenField.m; sourceTree = "<group>"; };
		A0825C6E16111632006F3DB0 /* LATokenFieldCell.h */ = {isa = PBXFileReference; fileEncoding = 4; lastKnownFileType = sourcecode.c.h; path = LATokenFieldCell.h; sourceTree = "<group>"; };
		A0825C6F16111632006F3DB0 /* LATokenFieldCell.m */ = {isa = PBXFileReference; fileEncoding = 4; lastKnownFileType = sourcecode.c.objc; path = LATokenFieldCell.m; sourceTree = "<group>"; };
		A0825C7016111632006F3DB0 /* LATokenFieldDelegate.h */ = {isa = PBXFileReference; fileEncoding = 4; lastKnownFileType = sourcecode.c.h; path = LATokenFieldDelegate.h; sourceTree = "<group>"; };
		A0825C7916111656006F3DB0 /* LAFieldKit.bundle */ = {isa = PBXFileReference; lastKnownFileType = "wrapper.plug-in"; name = LAFieldKit.bundle; path = ../Resources/LAFieldKit.bundle; sourceTree = "<group>"; };
/* End PBXFileReference section */

/* Begin PBXFrameworksBuildPhase section */
		A01C025A1620DDB7003DA76F /* Frameworks */ = {
			isa = PBXFrameworksBuildPhase;
			buildActionMask = 2147483647;
			files = (
				A01C025B1620DDD1003DA76F /* CoreText.framework in Frameworks */,
				A01C025F1620DDDE003DA76F /* CoreFoundation.framework in Frameworks */,
				A01C025E1620DDDC003DA76F /* CoreGraphics.framework in Frameworks */,
				A01C025C1620DDD4003DA76F /* UIKit.framework in Frameworks */,
				A01C025D1620DDD9003DA76F /* Foundation.framework in Frameworks */,
			);
			runOnlyForDeploymentPostprocessing = 0;
		};
		A039A764161F8C08009E4C10 /* Frameworks */ = {
			isa = PBXFrameworksBuildPhase;
			buildActionMask = 2147483647;
			files = (
				A039A76A161F8C08009E4C10 /* SenTestingKit.framework in Frameworks */,
				A039A76B161F8C08009E4C10 /* UIKit.framework in Frameworks */,
				A039A76C161F8C08009E4C10 /* Foundation.framework in Frameworks */,
			);
			runOnlyForDeploymentPostprocessing = 0;
		};
		A06ACB221608B2C300E20441 /* Frameworks */ = {
			isa = PBXFrameworksBuildPhase;
			buildActionMask = 2147483647;
			files = (
				A06ACB6B160A0FF300E20441 /* CoreText.framework in Frameworks */,
				A06ACB2A1608B2C300E20441 /* UIKit.framework in Frameworks */,
				A06ACB2C1608B2C300E20441 /* Foundation.framework in Frameworks */,
				A06ACB2E1608B2C300E20441 /* CoreGraphics.framework in Frameworks */,
			);
			runOnlyForDeploymentPostprocessing = 0;
		};
/* End PBXFrameworksBuildPhase section */

/* Begin PBXGroup section */
		A01A10C1160C99D200EE2145 /* LATokenField */ = {
			isa = PBXGroup;
			children = (
				A0825C7016111632006F3DB0 /* LATokenFieldDelegate.h */,
				A0825C6C16111632006F3DB0 /* LATokenField.h */,
				A0825C6B16111632006F3DB0 /* LATokenField_Internal.h */,
				A0825C6D16111632006F3DB0 /* LATokenField.m */,
				A0825C6E16111632006F3DB0 /* LATokenFieldCell.h */,
				A0825C6F16111632006F3DB0 /* LATokenFieldCell.m */,
			);
			name = LATokenField;
			sourceTree = "<group>";
		};
		A01A10C2160C9A1C00EE2145 /* LATextField */ = {
			isa = PBXGroup;
			children = (
				A0825C5916111632006F3DB0 /* LATextAppearance.h */,
				A0825C5A16111632006F3DB0 /* LATextAppearance.m */,
				A0825C5B16111632006F3DB0 /* LATextContentView_Internal.h */,
				A0825C5C16111632006F3DB0 /* LATextContentView.h */,
				A0825C5D16111632006F3DB0 /* LATextContentView.m */,
				A0825C5E16111632006F3DB0 /* LATextField_Internal.h */,
				A0825C6016111632006F3DB0 /* LATextField.m */,
				A0825C6116111632006F3DB0 /* LATextField+UITextInput.h */,
				A0825C6216111632006F3DB0 /* LATextField+UITextInput.m */,
				A0825C6416111632006F3DB0 /* LATextInteractionAssistant_Internal.h */,
				A0825C6516111632006F3DB0 /* LATextInteractionAssistant.h */,
				A0825C6616111632006F3DB0 /* LATextInteractionAssistant.m */,
				A0825C6716111632006F3DB0 /* LATextSelecting.h */,
				A0825C6816111632006F3DB0 /* LATextSelectionView_Internal.h */,
				A0825C6916111632006F3DB0 /* LATextSelectionView.h */,
				A0825C6A16111632006F3DB0 /* LATextSelectionView.m */,
				A0825C5F16111632006F3DB0 /* LATextField.h */,
				A0825C6316111632006F3DB0 /* LATextFieldDelegate.h */,
			);
			name = LATextField;
			sourceTree = "<group>";
		};
		A039A762161F842F009E4C10 /* LAScrollField */ = {
			isa = PBXGroup;
			children = (
				A07DC78B1614A1E700F75DC5 /* LAScrollField.h */,
				A07DC78D1614A1E700F75DC5 /* LAScrollFieldDelegate.h */,
				A07DC78C1614A1E700F75DC5 /* LAScrollField.m */,
				A07DC7941614A2C300F75DC5 /* LAScrollField_Internal.h */,
			);
			name = LAScrollField;
			sourceTree = "<group>";
		};
		A039A76D161F8C08009E4C10 /* Test */ = {
			isa = PBXGroup;
			children = (
				A039A773161F8C08009E4C10 /* LATokenFieldTest.h */,
				A039A774161F8C08009E4C10 /* LATokenFieldTest.m */,
				A039A76E161F8C08009E4C10 /* Supporting Files */,
			);
			path = Test;
			sourceTree = "<group>";
		};
		A039A76E161F8C08009E4C10 /* Supporting Files */ = {
			isa = PBXGroup;
			children = (
				A039A76F161F8C08009E4C10 /* Test-Info.plist */,
				A039A770161F8C08009E4C10 /* InfoPlist.strings */,
				A039A776161F8C08009E4C10 /* Test-Prefix.pch */,
			);
			name = "Supporting Files";
			sourceTree = "<group>";
		};
		A06ACB1A1608B2C200E20441 = {
			isa = PBXGroup;
			children = (
				A01C02571620DA6B003DA76F /* Support */,
				A06ACB2F1608B2C300E20441 /* Application */,
				A06ACB491608B35B00E20441 /* LAFieldKit */,
				A039A76D161F8C08009E4C10 /* Test */,
				A06ACB281608B2C300E20441 /* Frameworks */,
				A06ACB261608B2C300E20441 /* Products */,
			);
			sourceTree = "<group>";
		};
		A06ACB261608B2C300E20441 /* Products */ = {
			isa = PBXGroup;
			children = (
				A06ACB251608B2C300E20441 /* FieldKit.app */,
				A039A768161F8C08009E4C10 /* Test.octest */,
				A01C02121620D8B4003DA76F /* libFieldKit.a */,
				A01C02401620D9BA003DA76F /* FieldKit.bundle */,
			);
			name = Products;
			sourceTree = "<group>";
		};
		A06ACB281608B2C300E20441 /* Frameworks */ = {
			isa = PBXGroup;
			children = (
				A06ACB6A160A0FF300E20441 /* CoreText.framework */,
				A06ACB291608B2C300E20441 /* UIKit.framework */,
				A06ACB2B1608B2C300E20441 /* Foundation.framework */,
				A06ACB2D1608B2C300E20441 /* CoreGraphics.framework */,
				A039A769161F8C08009E4C10 /* SenTestingKit.framework */,
				A01C02411620D9BA003DA76F /* CoreFoundation.framework */,
			);
			name = Frameworks;
			sourceTree = "<group>";
		};
		A06ACB2F1608B2C300E20441 /* Application */ = {
			isa = PBXGroup;
			children = (
				A06ACB381608B2C300E20441 /* AppDelegate.h */,
				A06ACB391608B2C300E20441 /* AppDelegate.m */,
				A06ACB3B1608B2C300E20441 /* ViewController.h */,
				A06ACB3C1608B2C300E20441 /* ViewController.m */,
				A06ACB3E1608B2C300E20441 /* ViewController_iPhone.xib */,
				A06ACB411608B2C300E20441 /* ViewController_iPad.xib */,
				A06ACB301608B2C300E20441 /* Supporting Files */,
			);
			name = Application;
			path = FieldKit;
			sourceTree = "<group>";
		};
		A06ACB301608B2C300E20441 /* Supporting Files */ = {
			isa = PBXGroup;
			children = (
				A06ACB311608B2C300E20441 /* FieldKit-Info.plist */,
				A06ACB321608B2C300E20441 /* InfoPlist.strings */,
				A06ACB351608B2C300E20441 /* main.m */,
				A06ACB371608B2C300E20441 /* FieldKit-Prefix.pch */,
			);
			name = "Supporting Files";
			sourceTree = "<group>";
		};
		A06ACB491608B35B00E20441 /* LAFieldKit */ = {
			isa = PBXGroup;
			children = (
				A0825C7916111656006F3DB0 /* LAFieldKit.bundle */,
				A039A762161F842F009E4C10 /* LAScrollField */,
				A01A10C1160C99D200EE2145 /* LATokenField */,
				A01A10C2160C9A1C00EE2145 /* LATextField */,
			);
			name = LAFieldKit;
			path = ../Classes;
			sourceTree = "<group>";
		};
/* End PBXGroup section */

/* Begin PBXHeadersBuildPhase section */
		A01C02101620D8B4003DA76F /* Headers */ = {
			isa = PBXHeadersBuildPhase;
			buildActionMask = 2147483647;
			files = (
				A01C022C1620D925003DA76F /* LATextAppearance.h in Headers */,
				A01C022D1620D925003DA76F /* LATextField.h in Headers */,
				A01C022E1620D925003DA76F /* LATextFieldDelegate.h in Headers */,
				A01C02281620D925003DA76F /* LAScrollField.h in Headers */,
				A01C02291620D925003DA76F /* LAScrollFieldDelegate.h in Headers */,
				A01C022B1620D925003DA76F /* LATokenField.h in Headers */,
				A01C022A1620D925003DA76F /* LATokenFieldDelegate.h in Headers */,
				A01C022F1620D953003DA76F /* LAScrollField_Internal.h in Headers */,
				A01C02301620D953003DA76F /* LATokenField_Internal.h in Headers */,
				A01C02311620D953003DA76F /* LATokenFieldCell.h in Headers */,
				A01C02321620D953003DA76F /* LATextContentView_Internal.h in Headers */,
				A01C02331620D953003DA76F /* LATextContentView.h in Headers */,
				A01C02341620D953003DA76F /* LATextField_Internal.h in Headers */,
				A01C02351620D953003DA76F /* LATextField+UITextInput.h in Headers */,
				A01C02361620D953003DA76F /* LATextInteractionAssistant_Internal.h in Headers */,
				A01C02371620D953003DA76F /* LATextInteractionAssistant.h in Headers */,
				A01C02381620D953003DA76F /* LATextSelecting.h in Headers */,
				A01C02391620D953003DA76F /* LATextSelectionView_Internal.h in Headers */,
				A01C023A1620D953003DA76F /* LATextSelectionView.h in Headers */,
			);
			runOnlyForDeploymentPostprocessing = 0;
		};
/* End PBXHeadersBuildPhase section */

/* Begin PBXNativeTarget section */
		A01C02111620D8B4003DA76F /* Static Library */ = {
			isa = PBXNativeTarget;
			buildConfigurationList = A01C021C1620D8B4003DA76F /* Build configuration list for PBXNativeTarget "Static Library" */;
			buildPhases = (
				A01C020E1620D8B4003DA76F /* Sources */,
				A01C025A1620DDB7003DA76F /* Frameworks */,
				A01C02101620D8B4003DA76F /* Headers */,
				A01C023B1620D97B003DA76F /* ShellScript */,
			);
			buildRules = (
			);
			dependencies = (
			);
			name = "Static Library";
			productName = "Static Library";
			productReference = A01C02121620D8B4003DA76F /* libFieldKit.a */;
			productType = "com.apple.product-type.library.static";
		};
		A01C023F1620D9BA003DA76F /* Resources Bundle */ = {
			isa = PBXNativeTarget;
			buildConfigurationList = A01C024A1620D9BA003DA76F /* Build configuration list for PBXNativeTarget "Resources Bundle" */;
			buildPhases = (
				A01C023E1620D9BA003DA76F /* Resources */,
				A01C024E1620D9E8003DA76F /* ShellScript */,
			);
			buildRules = (
			);
			dependencies = (
			);
			name = "Resources Bundle";
			productName = "Resources Bundle";
			productReference = A01C02401620D9BA003DA76F /* FieldKit.bundle */;
			productType = "com.apple.product-type.bundle";
		};
		A039A767161F8C08009E4C10 /* Test */ = {
			isa = PBXNativeTarget;
			buildConfigurationList = A039A777161F8C08009E4C10 /* Build configuration list for PBXNativeTarget "Test" */;
			buildPhases = (
				A039A763161F8C08009E4C10 /* Sources */,
				A039A764161F8C08009E4C10 /* Frameworks */,
				A039A765161F8C08009E4C10 /* Resources */,
				A039A766161F8C08009E4C10 /* ShellScript */,
			);
			buildRules = (
			);
			dependencies = (
			);
			name = Test;
			productName = Test;
			productReference = A039A768161F8C08009E4C10 /* Test.octest */;
			productType = "com.apple.product-type.bundle";
		};
		A06ACB241608B2C300E20441 /* FieldKit */ = {
			isa = PBXNativeTarget;
			buildConfigurationList = A06ACB461608B2C300E20441 /* Build configuration list for PBXNativeTarget "FieldKit" */;
			buildPhases = (
				A06ACB211608B2C300E20441 /* Sources */,
				A06ACB221608B2C300E20441 /* Frameworks */,
				A06ACB231608B2C300E20441 /* Resources */,
			);
			buildRules = (
			);
			dependencies = (
			);
			name = FieldKit;
			productName = LauggaKit;
			productReference = A06ACB251608B2C300E20441 /* FieldKit.app */;
			productType = "com.apple.product-type.application";
		};
/* End PBXNativeTarget section */

/* Begin PBXProject section */
		A06ACB1C1608B2C200E20441 /* Project object */ = {
			isa = PBXProject;
			attributes = {
				LastUpgradeCheck = 0430;
				ORGANIZATIONNAME = "Luis Laugga";
			};
			buildConfigurationList = A06ACB1F1608B2C200E20441 /* Build configuration list for PBXProject "FieldKit" */;
			compatibilityVersion = "Xcode 3.2";
			developmentRegion = English;
			hasScannedForEncodings = 0;
			knownRegions = (
				en,
			);
			mainGroup = A06ACB1A1608B2C200E20441;
			productRefGroup = A06ACB261608B2C300E20441 /* Products */;
			projectDirPath = "";
			projectRoot = "";
			targets = (
				A06ACB241608B2C300E20441 /* FieldKit */,
				A039A767161F8C08009E4C10 /* Test */,
				A01C02111620D8B4003DA76F /* Static Library */,
				A01C023F1620D9BA003DA76F /* Resources Bundle */,
				A01C024F1620DA06003DA76F /* Framework Debug */,
			);
		};
/* End PBXProject section */

/* Begin PBXResourcesBuildPhase section */
		A01C023E1620D9BA003DA76F /* Resources */ = {
			isa = PBXResourcesBuildPhase;
			buildActionMask = 2147483647;
			files = (
				A01C024D1620D9DF003DA76F /* LAFieldKit.bundle in Resources */,
			);
			runOnlyForDeploymentPostprocessing = 0;
		};
		A039A765161F8C08009E4C10 /* Resources */ = {
			isa = PBXResourcesBuildPhase;
			buildActionMask = 2147483647;
			files = (
				A039A772161F8C08009E4C10 /* InfoPlist.strings in Resources */,
			);
			runOnlyForDeploymentPostprocessing = 0;
		};
		A06ACB231608B2C300E20441 /* Resources */ = {
			isa = PBXResourcesBuildPhase;
			buildActionMask = 2147483647;
			files = (
				A06ACB341608B2C300E20441 /* InfoPlist.strings in Resources */,
				A06ACB401608B2C300E20441 /* ViewController_iPhone.xib in Resources */,
				A06ACB431608B2C300E20441 /* ViewController_iPad.xib in Resources */,
				A0825C7A16111656006F3DB0 /* LAFieldKit.bundle in Resources */,
				A01C02581620DA6B003DA76F /* Support in Resources */,
			);
			runOnlyForDeploymentPostprocessing = 0;
		};
/* End PBXResourcesBuildPhase section */

/* Begin PBXShellScriptBuildPhase section */
		A01C023B1620D97B003DA76F /* ShellScript */ = {
			isa = PBXShellScriptBuildPhase;
			buildActionMask = 2147483647;
			files = (
			);
			inputPaths = (
			);
			outputPaths = (
			);
			runOnlyForDeploymentPostprocessing = 0;
			shellPath = /bin/sh;
			shellScript = "set -e\n\n# Directory for public and private headers\nmkdir -p \"${BUILT_PRODUCTS_DIR}/${PRODUCT_NAME}.framework/Versions/A/Headers\"\n\n# Link the \"Current\" version to \"A\"\n/bin/ln -sfh A \"${BUILT_PRODUCTS_DIR}/${PRODUCT_NAME}.framework/Versions/Current\"\n/bin/ln -sfh Versions/Current/Headers \"${BUILT_PRODUCTS_DIR}/${PRODUCT_NAME}.framework/Headers\"\n/bin/ln -sfh \"Versions/Current/${PRODUCT_NAME}\" \"${BUILT_PRODUCTS_DIR}/${PRODUCT_NAME}.framework/${PRODUCT_NAME}\"\n\n# Merge marked as 'Public' and 'Private' headers into the same directory 'Headers'\n# The -a ensures that the headers maintain the source modification date so that we don't constantly\n# cause propagating rebuilds of files that import these headers.\n/bin/cp -a \"${TARGET_BUILD_DIR}/${PUBLIC_HEADERS_FOLDER_PATH}/\" \"${BUILT_PRODUCTS_DIR}/${PRODUCT_NAME}.framework/Versions/A/Headers\"\n/bin/cp -a \"${TARGET_BUILD_DIR}/${PRIVATE_HEADERS_FOLDER_PATH}/\" \"${BUILT_PRODUCTS_DIR}/${PRODUCT_NAME}.framework/Versions/A/Headers\"";
		};
		A01C024E1620D9E8003DA76F /* ShellScript */ = {
			isa = PBXShellScriptBuildPhase;
			buildActionMask = 2147483647;
			files = (
			);
			inputPaths = (
			);
			outputPaths = (
			);
			runOnlyForDeploymentPostprocessing = 0;
			shellPath = /bin/sh;
			shellScript = "set -e\n\n# Update the version into ${PRODUCT_NAME}-Info.plist\n#FRAMEWORK_BUILD_VERSION=`git describe --tags --long`\n#FRAMEWORK_RELEASE_VERSION=`git describe --abbrev=0 --tags`\n#/usr/libexec/PlistBuddy -c \"Set CFBundleVersion $FRAMEWORK_BUILD_VERSION (${CONFIGURATION})\" \"${INFOPLIST_FILE}\"\n#/usr/libexec/PlistBuddy -c \"Set CFBundleShortVersionString $FRAMEWORK_RELEASE_VERSION\" \"${INFOPLIST_FILE}\"\n#/usr/libexec/PlistBuddy -c \"Set :PreferenceSpecifiers:1:DefaultValue $RELEASE_VERSION ($BUILD_VERSION)\" Settings.bundle/Root.plist\n\n# Directory for resources\nmkdir -p \"${BUILT_PRODUCTS_DIR}/${PRODUCT_NAME}.framework/Versions/A/Resources\"\n\n# Link the \"Current\" version to \"A\"\n/bin/ln -sfh Versions/Current/Resources \"${BUILT_PRODUCTS_DIR}/${PRODUCT_NAME}.framework/Resources\"\n\n# The -a ensures that the headers maintain the source modification date so that we don't constantly\n# cause propagating rebuilds of files that import these headers.\n/bin/cp -a \"${TARGET_BUILD_DIR}/${PRODUCT_NAME}.bundle/\" \"${BUILT_PRODUCTS_DIR}/${PRODUCT_NAME}.framework/Versions/A/Resources\"";
		};
		A01C02591620DA95003DA76F /* ShellScript */ = {
			isa = PBXShellScriptBuildPhase;
			buildActionMask = 2147483647;
			files = (
			);
			inputPaths = (
			);
			outputPaths = (
			);
			runOnlyForDeploymentPostprocessing = 0;
			shellPath = /bin/sh;
			shellScript = "# Run build framework script\n/Users/luis/Products/FieldKit/Support/build_framework.sh";
		};
		A039A766161F8C08009E4C10 /* ShellScript */ = {
			isa = PBXShellScriptBuildPhase;
			buildActionMask = 2147483647;
			files = (
			);
			inputPaths = (
			);
			outputPaths = (
			);
			runOnlyForDeploymentPostprocessing = 0;
			shellPath = /bin/sh;
			shellScript = "# Run the unit tests in this test bundle.\n\"${SYSTEM_DEVELOPER_DIR}/Tools/RunUnitTests\"\n";
		};
/* End PBXShellScriptBuildPhase section */

/* Begin PBXSourcesBuildPhase section */
		A01C020E1620D8B4003DA76F /* Sources */ = {
			isa = PBXSourcesBuildPhase;
			buildActionMask = 2147483647;
			files = (
				A01C021E1620D8F1003DA76F /* LAScrollField.m in Sources */,
				A01C021F1620D8F1003DA76F /* LATokenField.m in Sources */,
				A01C02201620D8F1003DA76F /* LATokenFieldCell.m in Sources */,
				A01C02211620D8F1003DA76F /* LATextAppearance.m in Sources */,
				A01C02221620D8F1003DA76F /* LATextContentView.m in Sources */,
				A01C02231620D8F1003DA76F /* LATextField.m in Sources */,
				A01C02241620D8F1003DA76F /* LATextField+UITextInput.m in Sources */,
				A01C02251620D8F1003DA76F /* LATextInteractionAssistant.m in Sources */,
				A01C02261620D8F1003DA76F /* LATextSelectionView.m in Sources */,
			);
			runOnlyForDeploymentPostprocessing = 0;
		};
		A039A763161F8C08009E4C10 /* Sources */ = {
			isa = PBXSourcesBuildPhase;
			buildActionMask = 2147483647;
			files = (
				A039A775161F8C08009E4C10 /* LATokenFieldTest.m in Sources */,
			);
			runOnlyForDeploymentPostprocessing = 0;
		};
		A06ACB211608B2C300E20441 /* Sources */ = {
			isa = PBXSourcesBuildPhase;
			buildActionMask = 2147483647;
			files = (
				A06ACB361608B2C300E20441 /* main.m in Sources */,
				A06ACB3A1608B2C300E20441 /* AppDelegate.m in Sources */,
				A06ACB3D1608B2C300E20441 /* ViewController.m in Sources */,
				A0825C7116111632006F3DB0 /* LATextAppearance.m in Sources */,
				A0825C7216111632006F3DB0 /* LATextContentView.m in Sources */,
				A0825C7316111632006F3DB0 /* LATextField.m in Sources */,
				A0825C7416111632006F3DB0 /* LATextField+UITextInput.m in Sources */,
				A0825C7516111632006F3DB0 /* LATextInteractionAssistant.m in Sources */,
				A0825C7616111632006F3DB0 /* LATextSelectionView.m in Sources */,
				A0825C7716111632006F3DB0 /* LATokenField.m in Sources */,
				A0825C7816111632006F3DB0 /* LATokenFieldCell.m in Sources */,
				A07DC78E1614A1E700F75DC5 /* LAScrollField.m in Sources */,
			);
			runOnlyForDeploymentPostprocessing = 0;
		};
/* End PBXSourcesBuildPhase section */

/* Begin PBXTargetDependency section */
		A01C02541620DA13003DA76F /* PBXTargetDependency */ = {
			isa = PBXTargetDependency;
			target = A01C02111620D8B4003DA76F /* Static Library */;
			targetProxy = A01C02531620DA13003DA76F /* PBXContainerItemProxy */;
		};
		A01C02561620DA15003DA76F /* PBXTargetDependency */ = {
			isa = PBXTargetDependency;
			target = A01C023F1620D9BA003DA76F /* Resources Bundle */;
			targetProxy = A01C02551620DA15003DA76F /* PBXContainerItemProxy */;
		};
/* End PBXTargetDependency section */

/* Begin PBXVariantGroup section */
		A039A770161F8C08009E4C10 /* InfoPlist.strings */ = {
			isa = PBXVariantGroup;
			children = (
				A039A771161F8C08009E4C10 /* en */,
			);
			name = InfoPlist.strings;
			sourceTree = "<group>";
		};
		A06ACB321608B2C300E20441 /* InfoPlist.strings */ = {
			isa = PBXVariantGroup;
			children = (
				A06ACB331608B2C300E20441 /* en */,
			);
			name = InfoPlist.strings;
			sourceTree = "<group>";
		};
		A06ACB3E1608B2C300E20441 /* ViewController_iPhone.xib */ = {
			isa = PBXVariantGroup;
			children = (
				A06ACB3F1608B2C300E20441 /* en */,
			);
			name = ViewController_iPhone.xib;
			sourceTree = "<group>";
		};
		A06ACB411608B2C300E20441 /* ViewController_iPad.xib */ = {
			isa = PBXVariantGroup;
			children = (
				A06ACB421608B2C300E20441 /* en */,
			);
			name = ViewController_iPad.xib;
			sourceTree = "<group>";
		};
/* End PBXVariantGroup section */

/* Begin XCBuildConfiguration section */
		A01C021A1620D8B4003DA76F /* Debug */ = {
			isa = XCBuildConfiguration;
			buildSettings = {
				DEAD_CODE_STRIPPING = NO;
				DSTROOT = /tmp/Static_Library.dst;
				GCC_PRECOMPILE_PREFIX_HEADER = YES;
				GCC_PREFIX_HEADER = "/Users/luis/Products/FieldKit/Examples/FieldKit/FieldKit-Prefix.pch";
				GCC_THUMB_SUPPORT = NO;
				IPHONEOS_DEPLOYMENT_TARGET = 4.0;
				LINK_WITH_STANDARD_LIBRARIES = NO;
				OTHER_LDFLAGS = (
					"-ObjC",
					"-all_load",
				);
				PRIVATE_HEADERS_FOLDER_PATH = "$(PROJECT_NAME)_PrivateHeaders";
				PRODUCT_NAME = "$(PROJECT_NAME)";
				PUBLIC_HEADERS_FOLDER_PATH = "$(PROJECT_NAME)_Headers";
				SKIP_INSTALL = YES;
			};
			name = Debug;
		};
		A01C021B1620D8B4003DA76F /* Release */ = {
			isa = XCBuildConfiguration;
			buildSettings = {
				DEAD_CODE_STRIPPING = NO;
				DSTROOT = /tmp/Static_Library.dst;
				GCC_PRECOMPILE_PREFIX_HEADER = YES;
				GCC_PREFIX_HEADER = "/Users/luis/Products/FieldKit/Examples/FieldKit/FieldKit-Prefix.pch";
				GCC_THUMB_SUPPORT = NO;
				IPHONEOS_DEPLOYMENT_TARGET = 4.0;
				LINK_WITH_STANDARD_LIBRARIES = NO;
				OTHER_LDFLAGS = (
					"-ObjC",
					"-all_load",
				);
				PRIVATE_HEADERS_FOLDER_PATH = "$(PROJECT_NAME)_PrivateHeaders";
				PRODUCT_NAME = "$(PROJECT_NAME)";
				PUBLIC_HEADERS_FOLDER_PATH = "$(PROJECT_NAME)_Headers";
				SKIP_INSTALL = YES;
			};
			name = Release;
		};
		A01C024B1620D9BA003DA76F /* Debug */ = {
			isa = XCBuildConfiguration;
			buildSettings = {
				ARCHS = (
					armv7,
					"$(ARCHS_STANDARD_32_BIT)",
				);
				GCC_ENABLE_OBJC_EXCEPTIONS = YES;
				GCC_PRECOMPILE_PREFIX_HEADER = YES;
				GCC_PREFIX_HEADER = "Resources Bundle/Resources Bundle-Prefix.pch";
				GCC_WARN_64_TO_32_BIT_CONVERSION = YES;
				INSTALL_PATH = "$(LOCAL_LIBRARY_DIR)/Bundles";
				MACOSX_DEPLOYMENT_TARGET = 10.7;
				ONLY_ACTIVE_ARCH = NO;
				PRODUCT_NAME = "$(PROJECT_NAME)";
				SDKROOT = iphoneos;
				WRAPPER_EXTENSION = bundle;
			};
			name = Debug;
		};
		A01C024C1620D9BA003DA76F /* Release */ = {
			isa = XCBuildConfiguration;
			buildSettings = {
				ARCHS = (
					armv7,
					"$(ARCHS_STANDARD_32_BIT)",
				);
				DEBUG_INFORMATION_FORMAT = "dwarf-with-dsym";
				GCC_ENABLE_OBJC_EXCEPTIONS = YES;
				GCC_PRECOMPILE_PREFIX_HEADER = YES;
				GCC_PREFIX_HEADER = "Resources Bundle/Resources Bundle-Prefix.pch";
				GCC_WARN_64_TO_32_BIT_CONVERSION = YES;
				INSTALL_PATH = "$(LOCAL_LIBRARY_DIR)/Bundles";
				MACOSX_DEPLOYMENT_TARGET = 10.7;
				ONLY_ACTIVE_ARCH = NO;
				PRODUCT_NAME = "$(PROJECT_NAME)";
				SDKROOT = iphoneos;
				WRAPPER_EXTENSION = bundle;
			};
			name = Release;
		};
		A01C02511620DA06003DA76F /* Debug */ = {
			isa = XCBuildConfiguration;
			buildSettings = {
				PRODUCT_NAME = "$(TARGET_NAME)";
			};
			name = Debug;
		};
		A01C02521620DA06003DA76F /* Release */ = {
			isa = XCBuildConfiguration;
			buildSettings = {
				PRODUCT_NAME = "$(TARGET_NAME)";
			};
			name = Release;
		};
		A039A778161F8C08009E4C10 /* Debug */ = {
			isa = XCBuildConfiguration;
			buildSettings = {
				FRAMEWORK_SEARCH_PATHS = (
					"$(SDKROOT)/Developer/Library/Frameworks",
					"$(DEVELOPER_LIBRARY_DIR)/Frameworks",
				);
				GCC_PRECOMPILE_PREFIX_HEADER = YES;
				GCC_PREFIX_HEADER = "Test/Test-Prefix.pch";
				INFOPLIST_FILE = "Test/Test-Info.plist";
				IPHONEOS_DEPLOYMENT_TARGET = 5.1;
				PRODUCT_NAME = "$(TARGET_NAME)";
				WRAPPER_EXTENSION = octest;
			};
			name = Debug;
		};
		A039A779161F8C08009E4C10 /* Release */ = {
			isa = XCBuildConfiguration;
			buildSettings = {
				FRAMEWORK_SEARCH_PATHS = (
					"$(SDKROOT)/Developer/Library/Frameworks",
					"$(DEVELOPER_LIBRARY_DIR)/Frameworks",
				);
				GCC_PRECOMPILE_PREFIX_HEADER = YES;
				GCC_PREFIX_HEADER = "Test/Test-Prefix.pch";
				INFOPLIST_FILE = "Test/Test-Info.plist";
				IPHONEOS_DEPLOYMENT_TARGET = 5.1;
				PRODUCT_NAME = "$(TARGET_NAME)";
				WRAPPER_EXTENSION = octest;
			};
			name = Release;
		};
		A06ACB441608B2C300E20441 /* Debug */ = {
			isa = XCBuildConfiguration;
			buildSettings = {
				ALWAYS_SEARCH_USER_PATHS = NO;
				ARCHS = "$(ARCHS_STANDARD_32_BIT)";
				"CODE_SIGN_IDENTITY[sdk=iphoneos*]" = "iPhone Developer";
				COPY_PHASE_STRIP = NO;
				GCC_C_LANGUAGE_STANDARD = gnu99;
				GCC_DYNAMIC_NO_PIC = NO;
				GCC_OPTIMIZATION_LEVEL = 0;
				GCC_PREPROCESSOR_DEFINITIONS = (
					"DEBUG=1",
					"$(inherited)",
				);
				GCC_SYMBOLS_PRIVATE_EXTERN = NO;
				GCC_VERSION = com.apple.compilers.llvm.clang.1_0;
				GCC_WARN_ABOUT_RETURN_TYPE = YES;
				GCC_WARN_UNINITIALIZED_AUTOS = YES;
				GCC_WARN_UNUSED_VARIABLE = YES;
				IPHONEOS_DEPLOYMENT_TARGET = 4.0;
				SDKROOT = iphoneos;
				TARGETED_DEVICE_FAMILY = "1,2";
			};
			name = Debug;
		};
		A06ACB451608B2C300E20441 /* Release */ = {
			isa = XCBuildConfiguration;
			buildSettings = {
				ALWAYS_SEARCH_USER_PATHS = NO;
				ARCHS = "$(ARCHS_STANDARD_32_BIT)";
				"CODE_SIGN_IDENTITY[sdk=iphoneos*]" = "iPhone Developer";
				COPY_PHASE_STRIP = YES;
				GCC_C_LANGUAGE_STANDARD = gnu99;
				GCC_VERSION = com.apple.compilers.llvm.clang.1_0;
				GCC_WARN_ABOUT_RETURN_TYPE = YES;
				GCC_WARN_UNINITIALIZED_AUTOS = YES;
				GCC_WARN_UNUSED_VARIABLE = YES;
				IPHONEOS_DEPLOYMENT_TARGET = 4.0;
				OTHER_CFLAGS = "-DNS_BLOCK_ASSERTIONS=1";
				SDKROOT = iphoneos;
				TARGETED_DEVICE_FAMILY = "1,2";
				VALIDATE_PRODUCT = YES;
			};
			name = Release;
		};
		A06ACB471608B2C300E20441 /* Debug */ = {
			isa = XCBuildConfiguration;
			buildSettings = {
				GCC_PRECOMPILE_PREFIX_HEADER = YES;
				GCC_PREFIX_HEADER = "FieldKit/FieldKit-Prefix.pch";
				INFOPLIST_FILE = "FieldKit/FieldKit-Info.plist";
				PRODUCT_NAME = FieldKit;
				WRAPPER_EXTENSION = app;
			};
			name = Debug;
		};
		A06ACB481608B2C300E20441 /* Release */ = {
			isa = XCBuildConfiguration;
			buildSettings = {
				GCC_PRECOMPILE_PREFIX_HEADER = YES;
				GCC_PREFIX_HEADER = "FieldKit/FieldKit-Prefix.pch";
				INFOPLIST_FILE = "FieldKit/FieldKit-Info.plist";
				PRODUCT_NAME = FieldKit;
				WRAPPER_EXTENSION = app;
			};
			name = Release;
		};
/* End XCBuildConfiguration section */

/* Begin XCConfigurationList section */
		A01C021C1620D8B4003DA76F /* Build configuration list for PBXNativeTarget "Static Library" */ = {
			isa = XCConfigurationList;
			buildConfigurations = (
				A01C021A1620D8B4003DA76F /* Debug */,
				A01C021B1620D8B4003DA76F /* Release */,
			);
			defaultConfigurationIsVisible = 0;
		};
		A01C024A1620D9BA003DA76F /* Build configuration list for PBXNativeTarget "Resources Bundle" */ = {
			isa = XCConfigurationList;
			buildConfigurations = (
				A01C024B1620D9BA003DA76F /* Debug */,
				A01C024C1620D9BA003DA76F /* Release */,
			);
			defaultConfigurationIsVisible = 0;
		};
		A01C02501620DA06003DA76F /* Build configuration list for PBXAggregateTarget "Framework Debug" */ = {
			isa = XCConfigurationList;
			buildConfigurations = (
				A01C02511620DA06003DA76F /* Debug */,
				A01C02521620DA06003DA76F /* Release */,
			);
			defaultConfigurationIsVisible = 0;
		};
		A039A777161F8C08009E4C10 /* Build configuration list for PBXNativeTarget "Test" */ = {
			isa = XCConfigurationList;
			buildConfigurations = (
				A039A778161F8C08009E4C10 /* Debug */,
				A039A779161F8C08009E4C10 /* Release */,
			);
			defaultConfigurationIsVisible = 0;
			defaultConfigurationName = Release;
		};
		A06ACB1F1608B2C200E20441 /* Build configuration list for PBXProject "FieldKit" */ = {
			isa = XCConfigurationList;
			buildConfigurations = (
				A06ACB441608B2C300E20441 /* Debug */,
				A06ACB451608B2C300E20441 /* Release */,
			);
			defaultConfigurationIsVisible = 0;
			defaultConfigurationName = Release;
		};
		A06ACB461608B2C300E20441 /* Build configuration list for PBXNativeTarget "FieldKit" */ = {
			isa = XCConfigurationList;
			buildConfigurations = (
				A06ACB471608B2C300E20441 /* Debug */,
				A06ACB481608B2C300E20441 /* Release */,
			);
			defaultConfigurationIsVisible = 0;
			defaultConfigurationName = Release;
		};
/* End XCConfigurationList section */
	};
	rootObject = A06ACB1C1608B2C200E20441 /* Project object */;
}
